// !$*UTF8*$!
{
	archiveVersion = 1;
	classes = {
	};
	objectVersion = 46;
	objects = {

/* Begin PBXBuildFile section */
		041A476420240B2400FB0EE7 /* LZCityPickerView.m in Sources */ = {isa = PBXBuildFile; fileRef = 041A474D20240B2300FB0EE7 /* LZCityPickerView.m */; };
		041A476520240B2400FB0EE7 /* LZPickerModel.m in Sources */ = {isa = PBXBuildFile; fileRef = 041A474E20240B2300FB0EE7 /* LZPickerModel.m */; };
		041A476620240B2400FB0EE7 /* Address.plist in Resources */ = {isa = PBXBuildFile; fileRef = 041A475020240B2300FB0EE7 /* Address.plist */; };
		041A476720240B2400FB0EE7 /* city.plist in Resources */ = {isa = PBXBuildFile; fileRef = 041A475320240B2300FB0EE7 /* city.plist */; };
		041A476820240B2400FB0EE7 /* LZCityPickerController.m in Sources */ = {isa = PBXBuildFile; fileRef = 041A475420240B2300FB0EE7 /* LZCityPickerController.m */; };
		041A476920240B2400FB0EE7 /* HospitalViewController.m in Sources */ = {isa = PBXBuildFile; fileRef = 041A475620240B2300FB0EE7 /* HospitalViewController.m */; };
		041A476A20240B2400FB0EE7 /* HospitalCell.xib in Resources */ = {isa = PBXBuildFile; fileRef = 041A475820240B2300FB0EE7 /* HospitalCell.xib */; };
		041A476B20240B2400FB0EE7 /* HospitalCell.m in Sources */ = {isa = PBXBuildFile; fileRef = 041A475920240B2300FB0EE7 /* HospitalCell.m */; };
		041A476C20240B2400FB0EE7 /* hospital.plist in Resources */ = {isa = PBXBuildFile; fileRef = 041A475A20240B2300FB0EE7 /* hospital.plist */; };
		041A476D20240B2400FB0EE7 /* HosDetailCell.xib in Resources */ = {isa = PBXBuildFile; fileRef = 041A475E20240B2300FB0EE7 /* HosDetailCell.xib */; };
		041A476E20240B2400FB0EE7 /* HosDetailViewController.m in Sources */ = {isa = PBXBuildFile; fileRef = 041A475F20240B2300FB0EE7 /* HosDetailViewController.m */; };
		041A477020240B2400FB0EE7 /* HosDetailCell.m in Sources */ = {isa = PBXBuildFile; fileRef = 041A476120240B2300FB0EE7 /* HosDetailCell.m */; };
		041A477420240B5200FB0EE7 /* HYNetWorking.m in Sources */ = {isa = PBXBuildFile; fileRef = 041A477320240B5200FB0EE7 /* HYNetWorking.m */; };
		04206ADD1F31B13500DF8762 /* HYWKViewController.m in Sources */ = {isa = PBXBuildFile; fileRef = 04206ADC1F31B13500DF8762 /* HYWKViewController.m */; };
		04405E821F4D635200217D16 /* PhotosContainerView.m in Sources */ = {isa = PBXBuildFile; fileRef = 04405E811F4D635200217D16 /* PhotosContainerView.m */; };
		04405E861F4E64D200217D16 /* HYDataBase.m in Sources */ = {isa = PBXBuildFile; fileRef = 04405E851F4E64D200217D16 /* HYDataBase.m */; };
		0442328B205BA17D00ADA061 /* WHWebViewController.m in Sources */ = {isa = PBXBuildFile; fileRef = 04423289205BA17D00ADA061 /* WHWebViewController.m */; };
		0442328E205BAD4300ADA061 /* UIViewController+BackButtonHandler.m in Sources */ = {isa = PBXBuildFile; fileRef = 0442328D205BAD4200ADA061 /* UIViewController+BackButtonHandler.m */; };
		0446CB2C1F2CD37900B781CF /* main.m in Sources */ = {isa = PBXBuildFile; fileRef = 0446CB2B1F2CD37900B781CF /* main.m */; };
		0446CB351F2CD37900B781CF /* Main.storyboard in Resources */ = {isa = PBXBuildFile; fileRef = 0446CB331F2CD37900B781CF /* Main.storyboard */; };
		0446CB371F2CD37900B781CF /* Assets.xcassets in Resources */ = {isa = PBXBuildFile; fileRef = 0446CB361F2CD37900B781CF /* Assets.xcassets */; };
		0446CB3A1F2CD37900B781CF /* LaunchScreen.storyboard in Resources */ = {isa = PBXBuildFile; fileRef = 0446CB381F2CD37900B781CF /* LaunchScreen.storyboard */; };
		0446CB451F2CD37900B781CF /* HYCustomDemoTests.m in Sources */ = {isa = PBXBuildFile; fileRef = 0446CB441F2CD37900B781CF /* HYCustomDemoTests.m */; };
		0446CB501F2CD37900B781CF /* HYCustomDemoUITests.m in Sources */ = {isa = PBXBuildFile; fileRef = 0446CB4F1F2CD37900B781CF /* HYCustomDemoUITests.m */; };
		0458F9FA202BF6B4004925AF /* HYPictureViewController.m in Sources */ = {isa = PBXBuildFile; fileRef = 0458F9F9202BF6B4004925AF /* HYPictureViewController.m */; };
		0458F9FD202BF6DC004925AF /* SceneryDetailVC.m in Sources */ = {isa = PBXBuildFile; fileRef = 0458F9FC202BF6DC004925AF /* SceneryDetailVC.m */; };
		045D7AD3203EB72B00B00E16 /* HealthViewController.m in Sources */ = {isa = PBXBuildFile; fileRef = 045D7AD2203EB72B00B00E16 /* HealthViewController.m */; };
		045D7AD9203EC25F00B00E16 /* HealthyViewController.m in Sources */ = {isa = PBXBuildFile; fileRef = 045D7AD8203EC25F00B00E16 /* HealthyViewController.m */; };
		045D7ADD203EC83900B00E16 /* H_TitleModel.m in Sources */ = {isa = PBXBuildFile; fileRef = 045D7ADC203EC83900B00E16 /* H_TitleModel.m */; };
		045D7AE3203FEA1200B00E16 /* HealthCell.m in Sources */ = {isa = PBXBuildFile; fileRef = 045D7AE1203FEA1200B00E16 /* HealthCell.m */; };
		045D7AE4203FEA1200B00E16 /* HealthCell.xib in Resources */ = {isa = PBXBuildFile; fileRef = 045D7AE2203FEA1200B00E16 /* HealthCell.xib */; };
		045D7AE7203FEE0700B00E16 /* HealthModel.m in Sources */ = {isa = PBXBuildFile; fileRef = 045D7AE6203FEE0700B00E16 /* HealthModel.m */; };
		045D7AEB2040115900B00E16 /* VideoViewController.m in Sources */ = {isa = PBXBuildFile; fileRef = 045D7AEA2040115900B00E16 /* VideoViewController.m */; };
		045D7AF22041551300B00E16 /* VideoCell.m in Sources */ = {isa = PBXBuildFile; fileRef = 045D7AF02041551300B00E16 /* VideoCell.m */; };
		045D7AF32041551300B00E16 /* VideoCell.xib in Resources */ = {isa = PBXBuildFile; fileRef = 045D7AF12041551300B00E16 /* VideoCell.xib */; };
		045D7AF62041636A00B00E16 /* VideoModel.m in Sources */ = {isa = PBXBuildFile; fileRef = 045D7AF52041636A00B00E16 /* VideoModel.m */; };
		0484CF83204E40C2002CB1F6 /* WSLScanView.m in Sources */ = {isa = PBXBuildFile; fileRef = 0484CF80204E40C1002CB1F6 /* WSLScanView.m */; };
		0484CF84204E40C2002CB1F6 /* WSLNativeScanTool.m in Sources */ = {isa = PBXBuildFile; fileRef = 0484CF81204E40C1002CB1F6 /* WSLNativeScanTool.m */; };
		0484CF88204E40F5002CB1F6 /* HYCodeViewController.m in Sources */ = {isa = PBXBuildFile; fileRef = 0484CF87204E40F5002CB1F6 /* HYCodeViewController.m */; };
		049DE36A205A50380061B13D /* SingleView.m in Sources */ = {isa = PBXBuildFile; fileRef = 049DE369205A50380061B13D /* SingleView.m */; };
		049DE36E205A59A20061B13D /* SingleView.xib in Resources */ = {isa = PBXBuildFile; fileRef = 049DE36D205A59A20061B13D /* SingleView.xib */; };
		049DE375205B66D50061B13D /* UIScrollView+HYEmptyDataSet.m in Sources */ = {isa = PBXBuildFile; fileRef = 049DE374205B66D50061B13D /* UIScrollView+HYEmptyDataSet.m */; };
		049DE378205B67EA0061B13D /* UIScrollView+HYRefresh.m in Sources */ = {isa = PBXBuildFile; fileRef = 049DE377205B67EA0061B13D /* UIScrollView+HYRefresh.m */; };
		049F35B61FA322F600C4F1D7 /* HomeViewController.m in Sources */ = {isa = PBXBuildFile; fileRef = 049F35B51FA322F600C4F1D7 /* HomeViewController.m */; };
		04A43ED71F302372000DBC7F /* Tools.m in Sources */ = {isa = PBXBuildFile; fileRef = 04A43ED61F302372000DBC7F /* Tools.m */; };
		04A43EE61F306DC0000DBC7F /* NewsModel.m in Sources */ = {isa = PBXBuildFile; fileRef = 04A43EE51F306DC0000DBC7F /* NewsModel.m */; };
		04A43EEC1F307AC0000DBC7F /* NewsCell.m in Sources */ = {isa = PBXBuildFile; fileRef = 04A43EEB1F307AC0000DBC7F /* NewsCell.m */; };
		04A43EEF1F307BC8000DBC7F /* NewsTableView.m in Sources */ = {isa = PBXBuildFile; fileRef = 04A43EEE1F307BC8000DBC7F /* NewsTableView.m */; };
		04A43EF21F307EE5000DBC7F /* NewsPageViewController.m in Sources */ = {isa = PBXBuildFile; fileRef = 04A43EF11F307EE5000DBC7F /* NewsPageViewController.m */; };
		04B4AE86202C3095007BCD9F /* MyPictureCell.m in Sources */ = {isa = PBXBuildFile; fileRef = 04B4AE85202C3095007BCD9F /* MyPictureCell.m */; };
		04B4AE8C202C4692007BCD9F /* RCDraggableButton.m in Sources */ = {isa = PBXBuildFile; fileRef = 04B4AE8B202C4691007BCD9F /* RCDraggableButton.m */; };
		04B4AE90202D371C007BCD9F /* SecneryDetailCell.m in Sources */ = {isa = PBXBuildFile; fileRef = 04B4AE8E202D371C007BCD9F /* SecneryDetailCell.m */; };
		04B4AE91202D371C007BCD9F /* SecneryDetailCell.xib in Resources */ = {isa = PBXBuildFile; fileRef = 04B4AE8F202D371C007BCD9F /* SecneryDetailCell.xib */; };
		04B4AE93202D728C007BCD9F /* scenery_city.plist in Resources */ = {isa = PBXBuildFile; fileRef = 04B4AE92202D728B007BCD9F /* scenery_city.plist */; };
		04C473AA1F2CE48B005AB420 /* HYDataService.m in Sources */ = {isa = PBXBuildFile; fileRef = 04C473A91F2CE48B005AB420 /* HYDataService.m */; };
		04D8AC49202988D300401EF7 /* ViewController.m in Sources */ = {isa = PBXBuildFile; fileRef = 04D8AC45202988D300401EF7 /* ViewController.m */; };
		04D8AC4A202988D300401EF7 /* AppDelegate.m in Sources */ = {isa = PBXBuildFile; fileRef = 04D8AC48202988D300401EF7 /* AppDelegate.m */; };
		04D8AC4D2029890800401EF7 /* RootViewController.m in Sources */ = {isa = PBXBuildFile; fileRef = 04D8AC4C2029890800401EF7 /* RootViewController.m */; };
		04D8AC5120298AC800401EF7 /* NewsViewController.m in Sources */ = {isa = PBXBuildFile; fileRef = 04D8AC5020298AC800401EF7 /* NewsViewController.m */; };
		04D8AC55202991FB00401EF7 /* HYButton.m in Sources */ = {isa = PBXBuildFile; fileRef = 04D8AC54202991FB00401EF7 /* HYButton.m */; };
		04D8AC5820299CB000401EF7 /* HYGetParameter.m in Sources */ = {isa = PBXBuildFile; fileRef = 04D8AC5720299CB000401EF7 /* HYGetParameter.m */; };
		04D8AC5C2029AE4800401EF7 /* SceneryViewController.m in Sources */ = {isa = PBXBuildFile; fileRef = 04D8AC5B2029AE4800401EF7 /* SceneryViewController.m */; };
		04D8AC64202AA85700401EF7 /* SceneryModel.m in Sources */ = {isa = PBXBuildFile; fileRef = 04D8AC63202AA85700401EF7 /* SceneryModel.m */; };
		04D8AC69202ACD5D00401EF7 /* SceneryCell.m in Sources */ = {isa = PBXBuildFile; fileRef = 04D8AC67202ACD5D00401EF7 /* SceneryCell.m */; };
		04D8AC6A202ACD5D00401EF7 /* SceneryCell.xib in Resources */ = {isa = PBXBuildFile; fileRef = 04D8AC68202ACD5D00401EF7 /* SceneryCell.xib */; };
		04D8AC6D202AEC5100401EF7 /* ProvinceCell.m in Sources */ = {isa = PBXBuildFile; fileRef = 04D8AC6C202AEC5100401EF7 /* ProvinceCell.m */; };
		7014427C995CED9D07601EBB /* libPods-HYCustomDemo.a in Frameworks */ = {isa = PBXBuildFile; fileRef = 336448D3EAF645E43BD03C43 /* libPods-HYCustomDemo.a */; };
/* End PBXBuildFile section */

/* Begin PBXContainerItemProxy section */
		0446CB411F2CD37900B781CF /* PBXContainerItemProxy */ = {
			isa = PBXContainerItemProxy;
			containerPortal = 0446CB1F1F2CD37900B781CF /* Project object */;
			proxyType = 1;
			remoteGlobalIDString = 0446CB261F2CD37900B781CF;
			remoteInfo = HYCustomDemo;
		};
		0446CB4C1F2CD37900B781CF /* PBXContainerItemProxy */ = {
			isa = PBXContainerItemProxy;
			containerPortal = 0446CB1F1F2CD37900B781CF /* Project object */;
			proxyType = 1;
			remoteGlobalIDString = 0446CB261F2CD37900B781CF;
			remoteInfo = HYCustomDemo;
		};
/* End PBXContainerItemProxy section */

/* Begin PBXFileReference section */
		041A474D20240B2300FB0EE7 /* LZCityPickerView.m */ = {isa = PBXFileReference; fileEncoding = 4; lastKnownFileType = sourcecode.c.objc; path = LZCityPickerView.m; sourceTree = "<group>"; };
		041A474E20240B2300FB0EE7 /* LZPickerModel.m */ = {isa = PBXFileReference; fileEncoding = 4; lastKnownFileType = sourcecode.c.objc; path = LZPickerModel.m; sourceTree = "<group>"; };
		041A474F20240B2300FB0EE7 /* LZCityPickerController.h */ = {isa = PBXFileReference; fileEncoding = 4; lastKnownFileType = sourcecode.c.h; path = LZCityPickerController.h; sourceTree = "<group>"; };
		041A475020240B2300FB0EE7 /* Address.plist */ = {isa = PBXFileReference; fileEncoding = 4; lastKnownFileType = text.plist.xml; path = Address.plist; sourceTree = "<group>"; };
		041A475120240B2300FB0EE7 /* LZPickerModel.h */ = {isa = PBXFileReference; fileEncoding = 4; lastKnownFileType = sourcecode.c.h; path = LZPickerModel.h; sourceTree = "<group>"; };
		041A475220240B2300FB0EE7 /* LZCityPickerView.h */ = {isa = PBXFileReference; fileEncoding = 4; lastKnownFileType = sourcecode.c.h; path = LZCityPickerView.h; sourceTree = "<group>"; };
		041A475320240B2300FB0EE7 /* city.plist */ = {isa = PBXFileReference; fileEncoding = 4; lastKnownFileType = text.plist.xml; path = city.plist; sourceTree = "<group>"; };
		041A475420240B2300FB0EE7 /* LZCityPickerController.m */ = {isa = PBXFileReference; fileEncoding = 4; lastKnownFileType = sourcecode.c.objc; path = LZCityPickerController.m; sourceTree = "<group>"; };
		041A475620240B2300FB0EE7 /* HospitalViewController.m */ = {isa = PBXFileReference; fileEncoding = 4; lastKnownFileType = sourcecode.c.objc; path = HospitalViewController.m; sourceTree = "<group>"; };
		041A475720240B2300FB0EE7 /* HospitalCell.h */ = {isa = PBXFileReference; fileEncoding = 4; lastKnownFileType = sourcecode.c.h; path = HospitalCell.h; sourceTree = "<group>"; };
		041A475820240B2300FB0EE7 /* HospitalCell.xib */ = {isa = PBXFileReference; fileEncoding = 4; lastKnownFileType = file.xib; path = HospitalCell.xib; sourceTree = "<group>"; };
		041A475920240B2300FB0EE7 /* HospitalCell.m */ = {isa = PBXFileReference; fileEncoding = 4; lastKnownFileType = sourcecode.c.objc; path = HospitalCell.m; sourceTree = "<group>"; };
		041A475A20240B2300FB0EE7 /* hospital.plist */ = {isa = PBXFileReference; fileEncoding = 4; lastKnownFileType = text.plist.xml; path = hospital.plist; sourceTree = "<group>"; };
		041A475B20240B2300FB0EE7 /* HospitalViewController.h */ = {isa = PBXFileReference; fileEncoding = 4; lastKnownFileType = sourcecode.c.h; path = HospitalViewController.h; sourceTree = "<group>"; };
		041A475D20240B2300FB0EE7 /* HosDetailCell.h */ = {isa = PBXFileReference; fileEncoding = 4; lastKnownFileType = sourcecode.c.h; path = HosDetailCell.h; sourceTree = "<group>"; };
		041A475E20240B2300FB0EE7 /* HosDetailCell.xib */ = {isa = PBXFileReference; fileEncoding = 4; lastKnownFileType = file.xib; path = HosDetailCell.xib; sourceTree = "<group>"; };
		041A475F20240B2300FB0EE7 /* HosDetailViewController.m */ = {isa = PBXFileReference; fileEncoding = 4; lastKnownFileType = sourcecode.c.objc; path = HosDetailViewController.m; sourceTree = "<group>"; };
		041A476120240B2300FB0EE7 /* HosDetailCell.m */ = {isa = PBXFileReference; fileEncoding = 4; lastKnownFileType = sourcecode.c.objc; path = HosDetailCell.m; sourceTree = "<group>"; };
		041A476220240B2300FB0EE7 /* HosDetailViewController.h */ = {isa = PBXFileReference; fileEncoding = 4; lastKnownFileType = sourcecode.c.h; path = HosDetailViewController.h; sourceTree = "<group>"; };
		041A477220240B5200FB0EE7 /* HYNetWorking.h */ = {isa = PBXFileReference; fileEncoding = 4; lastKnownFileType = sourcecode.c.h; path = HYNetWorking.h; sourceTree = "<group>"; };
		041A477320240B5200FB0EE7 /* HYNetWorking.m */ = {isa = PBXFileReference; fileEncoding = 4; lastKnownFileType = sourcecode.c.objc; path = HYNetWorking.m; sourceTree = "<group>"; };
		04206ADB1F31B13500DF8762 /* HYWKViewController.h */ = {isa = PBXFileReference; fileEncoding = 4; lastKnownFileType = sourcecode.c.h; path = HYWKViewController.h; sourceTree = "<group>"; };
		04206ADC1F31B13500DF8762 /* HYWKViewController.m */ = {isa = PBXFileReference; fileEncoding = 4; lastKnownFileType = sourcecode.c.objc; path = HYWKViewController.m; sourceTree = "<group>"; };
		04405E801F4D635200217D16 /* PhotosContainerView.h */ = {isa = PBXFileReference; fileEncoding = 4; lastKnownFileType = sourcecode.c.h; path = PhotosContainerView.h; sourceTree = "<group>"; };
		04405E811F4D635200217D16 /* PhotosContainerView.m */ = {isa = PBXFileReference; fileEncoding = 4; lastKnownFileType = sourcecode.c.objc; path = PhotosContainerView.m; sourceTree = "<group>"; };
		04405E841F4E64D200217D16 /* HYDataBase.h */ = {isa = PBXFileReference; fileEncoding = 4; lastKnownFileType = sourcecode.c.h; path = HYDataBase.h; sourceTree = "<group>"; };
		04405E851F4E64D200217D16 /* HYDataBase.m */ = {isa = PBXFileReference; fileEncoding = 4; lastKnownFileType = sourcecode.c.objc; path = HYDataBase.m; sourceTree = "<group>"; };
		04423289205BA17D00ADA061 /* WHWebViewController.m */ = {isa = PBXFileReference; fileEncoding = 4; lastKnownFileType = sourcecode.c.objc; path = WHWebViewController.m; sourceTree = "<group>"; };
		0442328A205BA17D00ADA061 /* WHWebViewController.h */ = {isa = PBXFileReference; fileEncoding = 4; lastKnownFileType = sourcecode.c.h; path = WHWebViewController.h; sourceTree = "<group>"; };
		0442328C205BAD4200ADA061 /* UIViewController+BackButtonHandler.h */ = {isa = PBXFileReference; fileEncoding = 4; lastKnownFileType = sourcecode.c.h; path = "UIViewController+BackButtonHandler.h"; sourceTree = "<group>"; };
		0442328D205BAD4200ADA061 /* UIViewController+BackButtonHandler.m */ = {isa = PBXFileReference; fileEncoding = 4; lastKnownFileType = sourcecode.c.objc; path = "UIViewController+BackButtonHandler.m"; sourceTree = "<group>"; };
		0446CB271F2CD37900B781CF /* HYCustomDemo.app */ = {isa = PBXFileReference; explicitFileType = wrapper.application; includeInIndex = 0; path = HYCustomDemo.app; sourceTree = BUILT_PRODUCTS_DIR; };
		0446CB2B1F2CD37900B781CF /* main.m */ = {isa = PBXFileReference; lastKnownFileType = sourcecode.c.objc; path = main.m; sourceTree = "<group>"; };
		0446CB341F2CD37900B781CF /* Base */ = {isa = PBXFileReference; lastKnownFileType = file.storyboard; name = Base; path = Base.lproj/Main.storyboard; sourceTree = "<group>"; };
		0446CB361F2CD37900B781CF /* Assets.xcassets */ = {isa = PBXFileReference; lastKnownFileType = folder.assetcatalog; path = Assets.xcassets; sourceTree = "<group>"; };
		0446CB391F2CD37900B781CF /* Base */ = {isa = PBXFileReference; lastKnownFileType = file.storyboard; name = Base; path = Base.lproj/LaunchScreen.storyboard; sourceTree = "<group>"; };
		0446CB3B1F2CD37900B781CF /* Info.plist */ = {isa = PBXFileReference; lastKnownFileType = text.plist.xml; path = Info.plist; sourceTree = "<group>"; };
		0446CB401F2CD37900B781CF /* HYCustomDemoTests.xctest */ = {isa = PBXFileReference; explicitFileType = wrapper.cfbundle; includeInIndex = 0; path = HYCustomDemoTests.xctest; sourceTree = BUILT_PRODUCTS_DIR; };
		0446CB441F2CD37900B781CF /* HYCustomDemoTests.m */ = {isa = PBXFileReference; lastKnownFileType = sourcecode.c.objc; path = HYCustomDemoTests.m; sourceTree = "<group>"; };
		0446CB461F2CD37900B781CF /* Info.plist */ = {isa = PBXFileReference; lastKnownFileType = text.plist.xml; path = Info.plist; sourceTree = "<group>"; };
		0446CB4B1F2CD37900B781CF /* HYCustomDemoUITests.xctest */ = {isa = PBXFileReference; explicitFileType = wrapper.cfbundle; includeInIndex = 0; path = HYCustomDemoUITests.xctest; sourceTree = BUILT_PRODUCTS_DIR; };
		0446CB4F1F2CD37900B781CF /* HYCustomDemoUITests.m */ = {isa = PBXFileReference; lastKnownFileType = sourcecode.c.objc; path = HYCustomDemoUITests.m; sourceTree = "<group>"; };
		0446CB511F2CD37900B781CF /* Info.plist */ = {isa = PBXFileReference; lastKnownFileType = text.plist.xml; path = Info.plist; sourceTree = "<group>"; };
		0458F9F8202BF6B4004925AF /* HYPictureViewController.h */ = {isa = PBXFileReference; lastKnownFileType = sourcecode.c.h; path = HYPictureViewController.h; sourceTree = "<group>"; };
		0458F9F9202BF6B4004925AF /* HYPictureViewController.m */ = {isa = PBXFileReference; lastKnownFileType = sourcecode.c.objc; path = HYPictureViewController.m; sourceTree = "<group>"; };
		0458F9FB202BF6DC004925AF /* SceneryDetailVC.h */ = {isa = PBXFileReference; lastKnownFileType = sourcecode.c.h; path = SceneryDetailVC.h; sourceTree = "<group>"; };
		0458F9FC202BF6DC004925AF /* SceneryDetailVC.m */ = {isa = PBXFileReference; lastKnownFileType = sourcecode.c.objc; path = SceneryDetailVC.m; sourceTree = "<group>"; };
		0459B924103878DEF2604370 /* Pods-HYCustomDemo.debug.xcconfig */ = {isa = PBXFileReference; includeInIndex = 1; lastKnownFileType = text.xcconfig; name = "Pods-HYCustomDemo.debug.xcconfig"; path = "Pods/Target Support Files/Pods-HYCustomDemo/Pods-HYCustomDemo.debug.xcconfig"; sourceTree = "<group>"; };
		045D7AD1203EB72B00B00E16 /* HealthViewController.h */ = {isa = PBXFileReference; lastKnownFileType = sourcecode.c.h; path = HealthViewController.h; sourceTree = "<group>"; };
		045D7AD2203EB72B00B00E16 /* HealthViewController.m */ = {isa = PBXFileReference; lastKnownFileType = sourcecode.c.objc; path = HealthViewController.m; sourceTree = "<group>"; };
		045D7AD7203EC25F00B00E16 /* HealthyViewController.h */ = {isa = PBXFileReference; lastKnownFileType = sourcecode.c.h; path = HealthyViewController.h; sourceTree = "<group>"; };
		045D7AD8203EC25F00B00E16 /* HealthyViewController.m */ = {isa = PBXFileReference; lastKnownFileType = sourcecode.c.objc; path = HealthyViewController.m; sourceTree = "<group>"; };
		045D7ADB203EC83900B00E16 /* H_TitleModel.h */ = {isa = PBXFileReference; lastKnownFileType = sourcecode.c.h; path = H_TitleModel.h; sourceTree = "<group>"; };
		045D7ADC203EC83900B00E16 /* H_TitleModel.m */ = {isa = PBXFileReference; lastKnownFileType = sourcecode.c.objc; path = H_TitleModel.m; sourceTree = "<group>"; };
		045D7AE0203FEA1200B00E16 /* HealthCell.h */ = {isa = PBXFileReference; lastKnownFileType = sourcecode.c.h; path = HealthCell.h; sourceTree = "<group>"; };
		045D7AE1203FEA1200B00E16 /* HealthCell.m */ = {isa = PBXFileReference; lastKnownFileType = sourcecode.c.objc; path = HealthCell.m; sourceTree = "<group>"; };
		045D7AE2203FEA1200B00E16 /* HealthCell.xib */ = {isa = PBXFileReference; lastKnownFileType = file.xib; path = HealthCell.xib; sourceTree = "<group>"; };
		045D7AE5203FEE0700B00E16 /* HealthModel.h */ = {isa = PBXFileReference; lastKnownFileType = sourcecode.c.h; path = HealthModel.h; sourceTree = "<group>"; };
		045D7AE6203FEE0700B00E16 /* HealthModel.m */ = {isa = PBXFileReference; lastKnownFileType = sourcecode.c.objc; path = HealthModel.m; sourceTree = "<group>"; };
		045D7AE92040115900B00E16 /* VideoViewController.h */ = {isa = PBXFileReference; lastKnownFileType = sourcecode.c.h; path = VideoViewController.h; sourceTree = "<group>"; };
		045D7AEA2040115900B00E16 /* VideoViewController.m */ = {isa = PBXFileReference; lastKnownFileType = sourcecode.c.objc; path = VideoViewController.m; sourceTree = "<group>"; };
		045D7AEF2041551300B00E16 /* VideoCell.h */ = {isa = PBXFileReference; lastKnownFileType = sourcecode.c.h; path = VideoCell.h; sourceTree = "<group>"; };
		045D7AF02041551300B00E16 /* VideoCell.m */ = {isa = PBXFileReference; lastKnownFileType = sourcecode.c.objc; path = VideoCell.m; sourceTree = "<group>"; };
		045D7AF12041551300B00E16 /* VideoCell.xib */ = {isa = PBXFileReference; lastKnownFileType = file.xib; path = VideoCell.xib; sourceTree = "<group>"; };
		045D7AF42041636A00B00E16 /* VideoModel.h */ = {isa = PBXFileReference; lastKnownFileType = sourcecode.c.h; path = VideoModel.h; sourceTree = "<group>"; };
		045D7AF52041636A00B00E16 /* VideoModel.m */ = {isa = PBXFileReference; lastKnownFileType = sourcecode.c.objc; path = VideoModel.m; sourceTree = "<group>"; };
		0484CF7F204E40C1002CB1F6 /* WSLNativeScanTool.h */ = {isa = PBXFileReference; fileEncoding = 4; lastKnownFileType = sourcecode.c.h; path = WSLNativeScanTool.h; sourceTree = "<group>"; };
		0484CF80204E40C1002CB1F6 /* WSLScanView.m */ = {isa = PBXFileReference; fileEncoding = 4; lastKnownFileType = sourcecode.c.objc; path = WSLScanView.m; sourceTree = "<group>"; };
		0484CF81204E40C1002CB1F6 /* WSLNativeScanTool.m */ = {isa = PBXFileReference; fileEncoding = 4; lastKnownFileType = sourcecode.c.objc; path = WSLNativeScanTool.m; sourceTree = "<group>"; };
		0484CF82204E40C1002CB1F6 /* WSLScanView.h */ = {isa = PBXFileReference; fileEncoding = 4; lastKnownFileType = sourcecode.c.h; path = WSLScanView.h; sourceTree = "<group>"; };
		0484CF86204E40F5002CB1F6 /* HYCodeViewController.h */ = {isa = PBXFileReference; lastKnownFileType = sourcecode.c.h; path = HYCodeViewController.h; sourceTree = "<group>"; };
		0484CF87204E40F5002CB1F6 /* HYCodeViewController.m */ = {isa = PBXFileReference; lastKnownFileType = sourcecode.c.objc; path = HYCodeViewController.m; sourceTree = "<group>"; };
		049DE368205A50380061B13D /* SingleView.h */ = {isa = PBXFileReference; lastKnownFileType = sourcecode.c.h; path = SingleView.h; sourceTree = "<group>"; };
		049DE369205A50380061B13D /* SingleView.m */ = {isa = PBXFileReference; lastKnownFileType = sourcecode.c.objc; path = SingleView.m; sourceTree = "<group>"; };
		049DE36D205A59A20061B13D /* SingleView.xib */ = {isa = PBXFileReference; lastKnownFileType = file.xib; path = SingleView.xib; sourceTree = "<group>"; };
		049DE373205B66D50061B13D /* UIScrollView+HYEmptyDataSet.h */ = {isa = PBXFileReference; lastKnownFileType = sourcecode.c.h; path = "UIScrollView+HYEmptyDataSet.h"; sourceTree = "<group>"; };
		049DE374205B66D50061B13D /* UIScrollView+HYEmptyDataSet.m */ = {isa = PBXFileReference; lastKnownFileType = sourcecode.c.objc; path = "UIScrollView+HYEmptyDataSet.m"; sourceTree = "<group>"; };
		049DE376205B67EA0061B13D /* UIScrollView+HYRefresh.h */ = {isa = PBXFileReference; lastKnownFileType = sourcecode.c.h; path = "UIScrollView+HYRefresh.h"; sourceTree = "<group>"; };
		049DE377205B67EA0061B13D /* UIScrollView+HYRefresh.m */ = {isa = PBXFileReference; lastKnownFileType = sourcecode.c.objc; path = "UIScrollView+HYRefresh.m"; sourceTree = "<group>"; };
		049F35B41FA322F600C4F1D7 /* HomeViewController.h */ = {isa = PBXFileReference; lastKnownFileType = sourcecode.c.h; path = HomeViewController.h; sourceTree = "<group>"; };
		049F35B51FA322F600C4F1D7 /* HomeViewController.m */ = {isa = PBXFileReference; lastKnownFileType = sourcecode.c.objc; path = HomeViewController.m; sourceTree = "<group>"; };
		04A43ED51F302372000DBC7F /* Tools.h */ = {isa = PBXFileReference; fileEncoding = 4; lastKnownFileType = sourcecode.c.h; path = Tools.h; sourceTree = "<group>"; };
		04A43ED61F302372000DBC7F /* Tools.m */ = {isa = PBXFileReference; fileEncoding = 4; lastKnownFileType = sourcecode.c.objc; path = Tools.m; sourceTree = "<group>"; };
		04A43EE41F306DC0000DBC7F /* NewsModel.h */ = {isa = PBXFileReference; fileEncoding = 4; lastKnownFileType = sourcecode.c.h; path = NewsModel.h; sourceTree = "<group>"; };
		04A43EE51F306DC0000DBC7F /* NewsModel.m */ = {isa = PBXFileReference; fileEncoding = 4; lastKnownFileType = sourcecode.c.objc; path = NewsModel.m; sourceTree = "<group>"; };
		04A43EEA1F307AC0000DBC7F /* NewsCell.h */ = {isa = PBXFileReference; fileEncoding = 4; lastKnownFileType = sourcecode.c.h; path = NewsCell.h; sourceTree = "<group>"; };
		04A43EEB1F307AC0000DBC7F /* NewsCell.m */ = {isa = PBXFileReference; fileEncoding = 4; lastKnownFileType = sourcecode.c.objc; path = NewsCell.m; sourceTree = "<group>"; };
		04A43EED1F307BC8000DBC7F /* NewsTableView.h */ = {isa = PBXFileReference; fileEncoding = 4; lastKnownFileType = sourcecode.c.h; path = NewsTableView.h; sourceTree = "<group>"; };
		04A43EEE1F307BC8000DBC7F /* NewsTableView.m */ = {isa = PBXFileReference; fileEncoding = 4; lastKnownFileType = sourcecode.c.objc; path = NewsTableView.m; sourceTree = "<group>"; };
		04A43EF01F307EE5000DBC7F /* NewsPageViewController.h */ = {isa = PBXFileReference; fileEncoding = 4; lastKnownFileType = sourcecode.c.h; path = NewsPageViewController.h; sourceTree = "<group>"; };
		04A43EF11F307EE5000DBC7F /* NewsPageViewController.m */ = {isa = PBXFileReference; fileEncoding = 4; lastKnownFileType = sourcecode.c.objc; path = NewsPageViewController.m; sourceTree = "<group>"; };
		04B4AE84202C3095007BCD9F /* MyPictureCell.h */ = {isa = PBXFileReference; lastKnownFileType = sourcecode.c.h; path = MyPictureCell.h; sourceTree = "<group>"; };
		04B4AE85202C3095007BCD9F /* MyPictureCell.m */ = {isa = PBXFileReference; lastKnownFileType = sourcecode.c.objc; path = MyPictureCell.m; sourceTree = "<group>"; };
		04B4AE8A202C4691007BCD9F /* RCDraggableButton.h */ = {isa = PBXFileReference; fileEncoding = 4; lastKnownFileType = sourcecode.c.h; path = RCDraggableButton.h; sourceTree = "<group>"; };
		04B4AE8B202C4691007BCD9F /* RCDraggableButton.m */ = {isa = PBXFileReference; fileEncoding = 4; lastKnownFileType = sourcecode.c.objc; path = RCDraggableButton.m; sourceTree = "<group>"; };
		04B4AE8D202D371C007BCD9F /* SecneryDetailCell.h */ = {isa = PBXFileReference; lastKnownFileType = sourcecode.c.h; path = SecneryDetailCell.h; sourceTree = "<group>"; };
		04B4AE8E202D371C007BCD9F /* SecneryDetailCell.m */ = {isa = PBXFileReference; lastKnownFileType = sourcecode.c.objc; path = SecneryDetailCell.m; sourceTree = "<group>"; };
		04B4AE8F202D371C007BCD9F /* SecneryDetailCell.xib */ = {isa = PBXFileReference; lastKnownFileType = file.xib; path = SecneryDetailCell.xib; sourceTree = "<group>"; };
		04B4AE92202D728B007BCD9F /* scenery_city.plist */ = {isa = PBXFileReference; fileEncoding = 4; lastKnownFileType = text.plist.xml; path = scenery_city.plist; sourceTree = "<group>"; };
		04C473A81F2CE48B005AB420 /* HYDataService.h */ = {isa = PBXFileReference; fileEncoding = 4; lastKnownFileType = sourcecode.c.h; path = HYDataService.h; sourceTree = "<group>"; };
		04C473A91F2CE48B005AB420 /* HYDataService.m */ = {isa = PBXFileReference; fileEncoding = 4; lastKnownFileType = sourcecode.c.objc; path = HYDataService.m; sourceTree = "<group>"; };
		04C473AB1F2EBCE9005AB420 /* PrefixHeader.pch */ = {isa = PBXFileReference; lastKnownFileType = sourcecode.c.h; path = PrefixHeader.pch; sourceTree = "<group>"; };
		04D8AC45202988D300401EF7 /* ViewController.m */ = {isa = PBXFileReference; fileEncoding = 4; lastKnownFileType = sourcecode.c.objc; path = ViewController.m; sourceTree = "<group>"; };
		04D8AC46202988D300401EF7 /* AppDelegate.h */ = {isa = PBXFileReference; fileEncoding = 4; lastKnownFileType = sourcecode.c.h; path = AppDelegate.h; sourceTree = "<group>"; };
		04D8AC47202988D300401EF7 /* ViewController.h */ = {isa = PBXFileReference; fileEncoding = 4; lastKnownFileType = sourcecode.c.h; path = ViewController.h; sourceTree = "<group>"; };
		04D8AC48202988D300401EF7 /* AppDelegate.m */ = {isa = PBXFileReference; fileEncoding = 4; lastKnownFileType = sourcecode.c.objc; path = AppDelegate.m; sourceTree = "<group>"; };
		04D8AC4B2029890800401EF7 /* RootViewController.h */ = {isa = PBXFileReference; lastKnownFileType = sourcecode.c.h; path = RootViewController.h; sourceTree = "<group>"; };
		04D8AC4C2029890800401EF7 /* RootViewController.m */ = {isa = PBXFileReference; lastKnownFileType = sourcecode.c.objc; path = RootViewController.m; sourceTree = "<group>"; };
		04D8AC4F20298AC800401EF7 /* NewsViewController.h */ = {isa = PBXFileReference; lastKnownFileType = sourcecode.c.h; path = NewsViewController.h; sourceTree = "<group>"; };
		04D8AC5020298AC800401EF7 /* NewsViewController.m */ = {isa = PBXFileReference; lastKnownFileType = sourcecode.c.objc; path = NewsViewController.m; sourceTree = "<group>"; };
		04D8AC53202991FB00401EF7 /* HYButton.h */ = {isa = PBXFileReference; fileEncoding = 4; lastKnownFileType = sourcecode.c.h; path = HYButton.h; sourceTree = "<group>"; };
		04D8AC54202991FB00401EF7 /* HYButton.m */ = {isa = PBXFileReference; fileEncoding = 4; lastKnownFileType = sourcecode.c.objc; path = HYButton.m; sourceTree = "<group>"; };
		04D8AC5620299CB000401EF7 /* HYGetParameter.h */ = {isa = PBXFileReference; lastKnownFileType = sourcecode.c.h; path = HYGetParameter.h; sourceTree = "<group>"; };
		04D8AC5720299CB000401EF7 /* HYGetParameter.m */ = {isa = PBXFileReference; lastKnownFileType = sourcecode.c.objc; path = HYGetParameter.m; sourceTree = "<group>"; };
		04D8AC5A2029AE4800401EF7 /* SceneryViewController.h */ = {isa = PBXFileReference; lastKnownFileType = sourcecode.c.h; path = SceneryViewController.h; sourceTree = "<group>"; };
		04D8AC5B2029AE4800401EF7 /* SceneryViewController.m */ = {isa = PBXFileReference; lastKnownFileType = sourcecode.c.objc; path = SceneryViewController.m; sourceTree = "<group>"; };
		04D8AC62202AA85700401EF7 /* SceneryModel.h */ = {isa = PBXFileReference; lastKnownFileType = sourcecode.c.h; path = SceneryModel.h; sourceTree = "<group>"; };
		04D8AC63202AA85700401EF7 /* SceneryModel.m */ = {isa = PBXFileReference; lastKnownFileType = sourcecode.c.objc; path = SceneryModel.m; sourceTree = "<group>"; };
		04D8AC66202ACD5D00401EF7 /* SceneryCell.h */ = {isa = PBXFileReference; lastKnownFileType = sourcecode.c.h; path = SceneryCell.h; sourceTree = "<group>"; };
		04D8AC67202ACD5D00401EF7 /* SceneryCell.m */ = {isa = PBXFileReference; lastKnownFileType = sourcecode.c.objc; path = SceneryCell.m; sourceTree = "<group>"; };
		04D8AC68202ACD5D00401EF7 /* SceneryCell.xib */ = {isa = PBXFileReference; lastKnownFileType = file.xib; path = SceneryCell.xib; sourceTree = "<group>"; };
		04D8AC6B202AEC5100401EF7 /* ProvinceCell.h */ = {isa = PBXFileReference; lastKnownFileType = sourcecode.c.h; path = ProvinceCell.h; sourceTree = "<group>"; };
		04D8AC6C202AEC5100401EF7 /* ProvinceCell.m */ = {isa = PBXFileReference; lastKnownFileType = sourcecode.c.objc; path = ProvinceCell.m; sourceTree = "<group>"; };
		336448D3EAF645E43BD03C43 /* libPods-HYCustomDemo.a */ = {isa = PBXFileReference; explicitFileType = archive.ar; includeInIndex = 0; path = "libPods-HYCustomDemo.a"; sourceTree = BUILT_PRODUCTS_DIR; };
		B6C22DC79701F6442642BE5F /* Pods-HYCustomDemo.release.xcconfig */ = {isa = PBXFileReference; includeInIndex = 1; lastKnownFileType = text.xcconfig; name = "Pods-HYCustomDemo.release.xcconfig"; path = "Pods/Target Support Files/Pods-HYCustomDemo/Pods-HYCustomDemo.release.xcconfig"; sourceTree = "<group>"; };
/* End PBXFileReference section */

/* Begin PBXFrameworksBuildPhase section */
		0446CB241F2CD37900B781CF /* Frameworks */ = {
			isa = PBXFrameworksBuildPhase;
			buildActionMask = 2147483647;
			files = (
				7014427C995CED9D07601EBB /* libPods-HYCustomDemo.a in Frameworks */,
			);
			runOnlyForDeploymentPostprocessing = 0;
		};
		0446CB3D1F2CD37900B781CF /* Frameworks */ = {
			isa = PBXFrameworksBuildPhase;
			buildActionMask = 2147483647;
			files = (
			);
			runOnlyForDeploymentPostprocessing = 0;
		};
		0446CB481F2CD37900B781CF /* Frameworks */ = {
			isa = PBXFrameworksBuildPhase;
			buildActionMask = 2147483647;
			files = (
			);
			runOnlyForDeploymentPostprocessing = 0;
		};
/* End PBXFrameworksBuildPhase section */

/* Begin PBXGroup section */
		041A474C20240B2300FB0EE7 /* LZCityPickerClass */ = {
			isa = PBXGroup;
			children = (
				041A474D20240B2300FB0EE7 /* LZCityPickerView.m */,
				041A474E20240B2300FB0EE7 /* LZPickerModel.m */,
				041A474F20240B2300FB0EE7 /* LZCityPickerController.h */,
				041A475020240B2300FB0EE7 /* Address.plist */,
				041A475120240B2300FB0EE7 /* LZPickerModel.h */,
				041A475220240B2300FB0EE7 /* LZCityPickerView.h */,
				041A475320240B2300FB0EE7 /* city.plist */,
				041A475420240B2300FB0EE7 /* LZCityPickerController.m */,
			);
			path = LZCityPickerClass;
			sourceTree = "<group>";
		};
		041A477520240EDD00FB0EE7 /* Controller */ = {
			isa = PBXGroup;
			children = (
				041A475B20240B2300FB0EE7 /* HospitalViewController.h */,
				041A475620240B2300FB0EE7 /* HospitalViewController.m */,
				041A476220240B2300FB0EE7 /* HosDetailViewController.h */,
				041A475F20240B2300FB0EE7 /* HosDetailViewController.m */,
			);
			path = Controller;
			sourceTree = "<group>";
		};
		041A477620240EE700FB0EE7 /* View */ = {
			isa = PBXGroup;
			children = (
				041A475720240B2300FB0EE7 /* HospitalCell.h */,
				041A475920240B2300FB0EE7 /* HospitalCell.m */,
				041A475820240B2300FB0EE7 /* HospitalCell.xib */,
				041A475D20240B2300FB0EE7 /* HosDetailCell.h */,
				041A476120240B2300FB0EE7 /* HosDetailCell.m */,
				041A475E20240B2300FB0EE7 /* HosDetailCell.xib */,
			);
			path = View;
			sourceTree = "<group>";
		};
		041A477720240F3A00FB0EE7 /* CityPicker */ = {
			isa = PBXGroup;
			children = (
				041A474C20240B2300FB0EE7 /* LZCityPickerClass */,
			);
			path = CityPicker;
			sourceTree = "<group>";
		};
		04206ADA1F31B12200DF8762 /* WebView */ = {
			isa = PBXGroup;
			children = (
				0442328A205BA17D00ADA061 /* WHWebViewController.h */,
				04423289205BA17D00ADA061 /* WHWebViewController.m */,
				04206ADB1F31B13500DF8762 /* HYWKViewController.h */,
				04206ADC1F31B13500DF8762 /* HYWKViewController.m */,
			);
			path = WebView;
			sourceTree = "<group>";
		};
		04405E7F1F4D634600217D16 /* CommonView */ = {
			isa = PBXGroup;
			children = (
				04B4AE8A202C4691007BCD9F /* RCDraggableButton.h */,
				04B4AE8B202C4691007BCD9F /* RCDraggableButton.m */,
				04405E801F4D635200217D16 /* PhotosContainerView.h */,
				04405E811F4D635200217D16 /* PhotosContainerView.m */,
			);
			path = CommonView;
			sourceTree = "<group>";
		};
		04405E831F4E649E00217D16 /* FMDB */ = {
			isa = PBXGroup;
			children = (
				04405E841F4E64D200217D16 /* HYDataBase.h */,
				04405E851F4E64D200217D16 /* HYDataBase.m */,
			);
			path = FMDB;
			sourceTree = "<group>";
		};
		0446CB1E1F2CD37900B781CF = {
			isa = PBXGroup;
			children = (
				0446CB291F2CD37900B781CF /* HYCustomDemo */,
				0446CB431F2CD37900B781CF /* HYCustomDemoTests */,
				0446CB4E1F2CD37900B781CF /* HYCustomDemoUITests */,
				0446CB281F2CD37900B781CF /* Products */,
				2A685DC61082AFC22D93597F /* Pods */,
				631A1FA901E28DE781702314 /* Frameworks */,
			);
			sourceTree = "<group>";
		};
		0446CB281F2CD37900B781CF /* Products */ = {
			isa = PBXGroup;
			children = (
				0446CB271F2CD37900B781CF /* HYCustomDemo.app */,
				0446CB401F2CD37900B781CF /* HYCustomDemoTests.xctest */,
				0446CB4B1F2CD37900B781CF /* HYCustomDemoUITests.xctest */,
			);
			name = Products;
			sourceTree = "<group>";
		};
		0446CB291F2CD37900B781CF /* HYCustomDemo */ = {
			isa = PBXGroup;
			children = (
				04C4739F1F2CE392005AB420 /* Support */,
				04C473A61F2CE3D4005AB420 /* Class */,
				0446CB361F2CD37900B781CF /* Assets.xcassets */,
				0446CB331F2CD37900B781CF /* Main.storyboard */,
				0446CB381F2CD37900B781CF /* LaunchScreen.storyboard */,
				0446CB3B1F2CD37900B781CF /* Info.plist */,
				04D8AC46202988D300401EF7 /* AppDelegate.h */,
				04D8AC48202988D300401EF7 /* AppDelegate.m */,
				04D8AC47202988D300401EF7 /* ViewController.h */,
				04D8AC45202988D300401EF7 /* ViewController.m */,
				0446CB2A1F2CD37900B781CF /* Supporting Files */,
			);
			path = HYCustomDemo;
			sourceTree = "<group>";
		};
		0446CB2A1F2CD37900B781CF /* Supporting Files */ = {
			isa = PBXGroup;
			children = (
				0446CB2B1F2CD37900B781CF /* main.m */,
			);
			name = "Supporting Files";
			sourceTree = "<group>";
		};
		0446CB431F2CD37900B781CF /* HYCustomDemoTests */ = {
			isa = PBXGroup;
			children = (
				0446CB441F2CD37900B781CF /* HYCustomDemoTests.m */,
				0446CB461F2CD37900B781CF /* Info.plist */,
			);
			path = HYCustomDemoTests;
			sourceTree = "<group>";
		};
		0446CB4E1F2CD37900B781CF /* HYCustomDemoUITests */ = {
			isa = PBXGroup;
			children = (
				0446CB4F1F2CD37900B781CF /* HYCustomDemoUITests.m */,
				0446CB511F2CD37900B781CF /* Info.plist */,
			);
			path = HYCustomDemoUITests;
			sourceTree = "<group>";
		};
		045D7AD0203EB6F100B00E16 /* Health */ = {
			isa = PBXGroup;
			children = (
				045D7ADF203FE91600B00E16 /* Controller */,
				045D7ADE203FE90A00B00E16 /* View */,
				045D7ADA203EC80F00B00E16 /* Model */,
			);
			path = Health;
			sourceTree = "<group>";
		};
		045D7ADA203EC80F00B00E16 /* Model */ = {
			isa = PBXGroup;
			children = (
				045D7ADB203EC83900B00E16 /* H_TitleModel.h */,
				045D7ADC203EC83900B00E16 /* H_TitleModel.m */,
				045D7AE5203FEE0700B00E16 /* HealthModel.h */,
				045D7AE6203FEE0700B00E16 /* HealthModel.m */,
			);
			path = Model;
			sourceTree = "<group>";
		};
		045D7ADE203FE90A00B00E16 /* View */ = {
			isa = PBXGroup;
			children = (
				045D7AE0203FEA1200B00E16 /* HealthCell.h */,
				045D7AE1203FEA1200B00E16 /* HealthCell.m */,
				045D7AE2203FEA1200B00E16 /* HealthCell.xib */,
			);
			path = View;
			sourceTree = "<group>";
		};
		045D7ADF203FE91600B00E16 /* Controller */ = {
			isa = PBXGroup;
			children = (
				045D7AD1203EB72B00B00E16 /* HealthViewController.h */,
				045D7AD2203EB72B00B00E16 /* HealthViewController.m */,
				045D7AD7203EC25F00B00E16 /* HealthyViewController.h */,
				045D7AD8203EC25F00B00E16 /* HealthyViewController.m */,
			);
			path = Controller;
			sourceTree = "<group>";
		};
		045D7AE82040114000B00E16 /* Video */ = {
			isa = PBXGroup;
			children = (
				045D7AEE2041530700B00E16 /* View */,
				045D7AED204152FF00B00E16 /* Controller */,
				045D7AEC204152F900B00E16 /* Model */,
			);
			path = Video;
			sourceTree = "<group>";
		};
		045D7AEC204152F900B00E16 /* Model */ = {
			isa = PBXGroup;
			children = (
				045D7AF42041636A00B00E16 /* VideoModel.h */,
				045D7AF52041636A00B00E16 /* VideoModel.m */,
			);
			path = Model;
			sourceTree = "<group>";
		};
		045D7AED204152FF00B00E16 /* Controller */ = {
			isa = PBXGroup;
			children = (
				045D7AE92040115900B00E16 /* VideoViewController.h */,
				045D7AEA2040115900B00E16 /* VideoViewController.m */,
			);
			path = Controller;
			sourceTree = "<group>";
		};
		045D7AEE2041530700B00E16 /* View */ = {
			isa = PBXGroup;
			children = (
				045D7AEF2041551300B00E16 /* VideoCell.h */,
				045D7AF02041551300B00E16 /* VideoCell.m */,
				045D7AF12041551300B00E16 /* VideoCell.xib */,
			);
			path = View;
			sourceTree = "<group>";
		};
		0484CF7E204E40A2002CB1F6 /* Code */ = {
			isa = PBXGroup;
			children = (
				0484CF85204E40D3002CB1F6 /* Third */,
				0484CF86204E40F5002CB1F6 /* HYCodeViewController.h */,
				0484CF87204E40F5002CB1F6 /* HYCodeViewController.m */,
			);
			path = Code;
			sourceTree = "<group>";
		};
		0484CF85204E40D3002CB1F6 /* Third */ = {
			isa = PBXGroup;
			children = (
				0484CF7F204E40C1002CB1F6 /* WSLNativeScanTool.h */,
				0484CF81204E40C1002CB1F6 /* WSLNativeScanTool.m */,
				0484CF82204E40C1002CB1F6 /* WSLScanView.h */,
				0484CF80204E40C1002CB1F6 /* WSLScanView.m */,
			);
			path = Third;
			sourceTree = "<group>";
		};
		049DE36F205B5C180061B13D /* Catagory */ = {
			isa = PBXGroup;
			children = (
				0442328C205BAD4200ADA061 /* UIViewController+BackButtonHandler.h */,
				0442328D205BAD4200ADA061 /* UIViewController+BackButtonHandler.m */,
				049DE373205B66D50061B13D /* UIScrollView+HYEmptyDataSet.h */,
				049DE374205B66D50061B13D /* UIScrollView+HYEmptyDataSet.m */,
				049DE376205B67EA0061B13D /* UIScrollView+HYRefresh.h */,
				049DE377205B67EA0061B13D /* UIScrollView+HYRefresh.m */,
			);
			path = Catagory;
			sourceTree = "<group>";
		};
		049F35B21FA322A700C4F1D7 /* News */ = {
			isa = PBXGroup;
			children = (
				04A43EDB1F306DA7000DBC7F /* Controller */,
				04A43EE01F306DA7000DBC7F /* Model */,
				04A43EE11F306DA7000DBC7F /* View */,
			);
			path = News;
			sourceTree = "<group>";
		};
		049F35B31FA322BB00C4F1D7 /* Hospital */ = {
			isa = PBXGroup;
			children = (
				041A475A20240B2300FB0EE7 /* hospital.plist */,
				041A477620240EE700FB0EE7 /* View */,
				041A477520240EDD00FB0EE7 /* Controller */,
			);
			path = Hospital;
			sourceTree = "<group>";
		};
		04A43EDB1F306DA7000DBC7F /* Controller */ = {
			isa = PBXGroup;
			children = (
				04D8AC4F20298AC800401EF7 /* NewsViewController.h */,
				04D8AC5020298AC800401EF7 /* NewsViewController.m */,
				04A43EF01F307EE5000DBC7F /* NewsPageViewController.h */,
				04A43EF11F307EE5000DBC7F /* NewsPageViewController.m */,
			);
			path = Controller;
			sourceTree = "<group>";
		};
		04A43EE01F306DA7000DBC7F /* Model */ = {
			isa = PBXGroup;
			children = (
				04A43EE41F306DC0000DBC7F /* NewsModel.h */,
				04A43EE51F306DC0000DBC7F /* NewsModel.m */,
			);
			path = Model;
			sourceTree = "<group>";
		};
		04A43EE11F306DA7000DBC7F /* View */ = {
			isa = PBXGroup;
			children = (
				04A43EED1F307BC8000DBC7F /* NewsTableView.h */,
				04A43EEE1F307BC8000DBC7F /* NewsTableView.m */,
				04A43EEA1F307AC0000DBC7F /* NewsCell.h */,
				04A43EEB1F307AC0000DBC7F /* NewsCell.m */,
			);
			path = View;
			sourceTree = "<group>";
		};
		04C4739F1F2CE392005AB420 /* Support */ = {
			isa = PBXGroup;
			children = (
				049DE36F205B5C180061B13D /* Catagory */,
				04D8AC52202991D800401EF7 /* HYCustomView */,
				041A477720240F3A00FB0EE7 /* CityPicker */,
				04405E831F4E649E00217D16 /* FMDB */,
				04405E7F1F4D634600217D16 /* CommonView */,
				04206ADA1F31B12200DF8762 /* WebView */,
				04C473A11F2CE392005AB420 /* DataService */,
				04C473A21F2CE392005AB420 /* PCH */,
				04C473A51F2CE392005AB420 /* Tools */,
			);
			path = Support;
			sourceTree = "<group>";
		};
		04C473A11F2CE392005AB420 /* DataService */ = {
			isa = PBXGroup;
			children = (
				041A477220240B5200FB0EE7 /* HYNetWorking.h */,
				041A477320240B5200FB0EE7 /* HYNetWorking.m */,
				04C473A81F2CE48B005AB420 /* HYDataService.h */,
				04C473A91F2CE48B005AB420 /* HYDataService.m */,
				04D8AC5620299CB000401EF7 /* HYGetParameter.h */,
				04D8AC5720299CB000401EF7 /* HYGetParameter.m */,
			);
			path = DataService;
			sourceTree = "<group>";
		};
		04C473A21F2CE392005AB420 /* PCH */ = {
			isa = PBXGroup;
			children = (
				04C473AB1F2EBCE9005AB420 /* PrefixHeader.pch */,
			);
			path = PCH;
			sourceTree = "<group>";
		};
		04C473A51F2CE392005AB420 /* Tools */ = {
			isa = PBXGroup;
			children = (
				04A43ED51F302372000DBC7F /* Tools.h */,
				04A43ED61F302372000DBC7F /* Tools.m */,
			);
			name = Tools;
			path = Tool;
			sourceTree = "<group>";
		};
		04C473A61F2CE3D4005AB420 /* Class */ = {
			isa = PBXGroup;
			children = (
				0484CF7E204E40A2002CB1F6 /* Code */,
				045D7AE82040114000B00E16 /* Video */,
				045D7AD0203EB6F100B00E16 /* Health */,
				04D8AC592029AE1900401EF7 /* Scenery */,
				04D8AC4E202989D000401EF7 /* Home */,
				049F35B31FA322BB00C4F1D7 /* Hospital */,
				049F35B21FA322A700C4F1D7 /* News */,
			);
			path = Class;
			sourceTree = "<group>";
		};
		04D8AC4E202989D000401EF7 /* Home */ = {
			isa = PBXGroup;
			children = (
				04D8AC4B2029890800401EF7 /* RootViewController.h */,
				04D8AC4C2029890800401EF7 /* RootViewController.m */,
				049F35B41FA322F600C4F1D7 /* HomeViewController.h */,
				049F35B51FA322F600C4F1D7 /* HomeViewController.m */,
				049DE368205A50380061B13D /* SingleView.h */,
				049DE369205A50380061B13D /* SingleView.m */,
				049DE36D205A59A20061B13D /* SingleView.xib */,
			);
			path = Home;
			sourceTree = "<group>";
		};
		04D8AC52202991D800401EF7 /* HYCustomView */ = {
			isa = PBXGroup;
			children = (
				04D8AC53202991FB00401EF7 /* HYButton.h */,
				04D8AC54202991FB00401EF7 /* HYButton.m */,
			);
			path = HYCustomView;
			sourceTree = "<group>";
		};
		04D8AC592029AE1900401EF7 /* Scenery */ = {
			isa = PBXGroup;
			children = (
				04D8AC65202ACD3A00401EF7 /* View */,
				04D8AC61202AA83800401EF7 /* Model */,
				04D8AC60202AA82400401EF7 /* Controller */,
			);
			path = Scenery;
			sourceTree = "<group>";
		};
		04D8AC60202AA82400401EF7 /* Controller */ = {
			isa = PBXGroup;
			children = (
				04D8AC5A2029AE4800401EF7 /* SceneryViewController.h */,
				04D8AC5B2029AE4800401EF7 /* SceneryViewController.m */,
				0458F9FB202BF6DC004925AF /* SceneryDetailVC.h */,
				0458F9FC202BF6DC004925AF /* SceneryDetailVC.m */,
				0458F9F8202BF6B4004925AF /* HYPictureViewController.h */,
				0458F9F9202BF6B4004925AF /* HYPictureViewController.m */,
			);
			path = Controller;
			sourceTree = "<group>";
		};
		04D8AC61202AA83800401EF7 /* Model */ = {
			isa = PBXGroup;
			children = (
				04B4AE92202D728B007BCD9F /* scenery_city.plist */,
				04D8AC62202AA85700401EF7 /* SceneryModel.h */,
				04D8AC63202AA85700401EF7 /* SceneryModel.m */,
			);
			path = Model;
			sourceTree = "<group>";
		};
		04D8AC65202ACD3A00401EF7 /* View */ = {
			isa = PBXGroup;
			children = (
				04D8AC66202ACD5D00401EF7 /* SceneryCell.h */,
				04D8AC67202ACD5D00401EF7 /* SceneryCell.m */,
				04D8AC68202ACD5D00401EF7 /* SceneryCell.xib */,
				04D8AC6B202AEC5100401EF7 /* ProvinceCell.h */,
				04D8AC6C202AEC5100401EF7 /* ProvinceCell.m */,
				04B4AE84202C3095007BCD9F /* MyPictureCell.h */,
				04B4AE85202C3095007BCD9F /* MyPictureCell.m */,
				04B4AE8D202D371C007BCD9F /* SecneryDetailCell.h */,
				04B4AE8E202D371C007BCD9F /* SecneryDetailCell.m */,
				04B4AE8F202D371C007BCD9F /* SecneryDetailCell.xib */,
			);
			path = View;
			sourceTree = "<group>";
		};
		2A685DC61082AFC22D93597F /* Pods */ = {
			isa = PBXGroup;
			children = (
				0459B924103878DEF2604370 /* Pods-HYCustomDemo.debug.xcconfig */,
				B6C22DC79701F6442642BE5F /* Pods-HYCustomDemo.release.xcconfig */,
			);
			name = Pods;
			sourceTree = "<group>";
		};
		631A1FA901E28DE781702314 /* Frameworks */ = {
			isa = PBXGroup;
			children = (
				336448D3EAF645E43BD03C43 /* libPods-HYCustomDemo.a */,
			);
			name = Frameworks;
			sourceTree = "<group>";
		};
/* End PBXGroup section */

/* Begin PBXNativeTarget section */
		0446CB261F2CD37900B781CF /* HYCustomDemo */ = {
			isa = PBXNativeTarget;
			buildConfigurationList = 0446CB541F2CD37900B781CF /* Build configuration list for PBXNativeTarget "HYCustomDemo" */;
			buildPhases = (
				6C0ABEF75BC0A845C111D91F /* [CP] Check Pods Manifest.lock */,
				0446CB231F2CD37900B781CF /* Sources */,
				0446CB241F2CD37900B781CF /* Frameworks */,
				0446CB251F2CD37900B781CF /* Resources */,
				0D0A71552DD5253E23B90210 /* [CP] Embed Pods Frameworks */,
				1D01F3B3334EBD9EAFFC6383 /* [CP] Copy Pods Resources */,
			);
			buildRules = (
			);
			dependencies = (
			);
			name = HYCustomDemo;
			productName = HYCustomDemo;
			productReference = 0446CB271F2CD37900B781CF /* HYCustomDemo.app */;
			productType = "com.apple.product-type.application";
		};
		0446CB3F1F2CD37900B781CF /* HYCustomDemoTests */ = {
			isa = PBXNativeTarget;
			buildConfigurationList = 0446CB571F2CD37900B781CF /* Build configuration list for PBXNativeTarget "HYCustomDemoTests" */;
			buildPhases = (
				0446CB3C1F2CD37900B781CF /* Sources */,
				0446CB3D1F2CD37900B781CF /* Frameworks */,
				0446CB3E1F2CD37900B781CF /* Resources */,
			);
			buildRules = (
			);
			dependencies = (
				0446CB421F2CD37900B781CF /* PBXTargetDependency */,
			);
			name = HYCustomDemoTests;
			productName = HYCustomDemoTests;
			productReference = 0446CB401F2CD37900B781CF /* HYCustomDemoTests.xctest */;
			productType = "com.apple.product-type.bundle.unit-test";
		};
		0446CB4A1F2CD37900B781CF /* HYCustomDemoUITests */ = {
			isa = PBXNativeTarget;
			buildConfigurationList = 0446CB5A1F2CD37900B781CF /* Build configuration list for PBXNativeTarget "HYCustomDemoUITests" */;
			buildPhases = (
				0446CB471F2CD37900B781CF /* Sources */,
				0446CB481F2CD37900B781CF /* Frameworks */,
				0446CB491F2CD37900B781CF /* Resources */,
			);
			buildRules = (
			);
			dependencies = (
				0446CB4D1F2CD37900B781CF /* PBXTargetDependency */,
			);
			name = HYCustomDemoUITests;
			productName = HYCustomDemoUITests;
			productReference = 0446CB4B1F2CD37900B781CF /* HYCustomDemoUITests.xctest */;
			productType = "com.apple.product-type.bundle.ui-testing";
		};
/* End PBXNativeTarget section */

/* Begin PBXProject section */
		0446CB1F1F2CD37900B781CF /* Project object */ = {
			isa = PBXProject;
			attributes = {
				CLASSPREFIX = HY;
				LastUpgradeCheck = 0830;
				ORGANIZATIONNAME = apple;
				TargetAttributes = {
					0446CB261F2CD37900B781CF = {
						CreatedOnToolsVersion = 8.3.3;
						DevelopmentTeam = 5PQN62M948;
						ProvisioningStyle = Automatic;
					};
					0446CB3F1F2CD37900B781CF = {
						CreatedOnToolsVersion = 8.3.3;
						ProvisioningStyle = Automatic;
						TestTargetID = 0446CB261F2CD37900B781CF;
					};
					0446CB4A1F2CD37900B781CF = {
						CreatedOnToolsVersion = 8.3.3;
						ProvisioningStyle = Automatic;
						TestTargetID = 0446CB261F2CD37900B781CF;
					};
				};
			};
			buildConfigurationList = 0446CB221F2CD37900B781CF /* Build configuration list for PBXProject "HYCustomDemo" */;
			compatibilityVersion = "Xcode 3.2";
			developmentRegion = English;
			hasScannedForEncodings = 0;
			knownRegions = (
				en,
				Base,
			);
			mainGroup = 0446CB1E1F2CD37900B781CF;
			productRefGroup = 0446CB281F2CD37900B781CF /* Products */;
			projectDirPath = "";
			projectRoot = "";
			targets = (
				0446CB261F2CD37900B781CF /* HYCustomDemo */,
				0446CB3F1F2CD37900B781CF /* HYCustomDemoTests */,
				0446CB4A1F2CD37900B781CF /* HYCustomDemoUITests */,
			);
		};
/* End PBXProject section */

/* Begin PBXResourcesBuildPhase section */
		0446CB251F2CD37900B781CF /* Resources */ = {
			isa = PBXResourcesBuildPhase;
			buildActionMask = 2147483647;
			files = (
				04D8AC6A202ACD5D00401EF7 /* SceneryCell.xib in Resources */,
				045D7AE4203FEA1200B00E16 /* HealthCell.xib in Resources */,
				045D7AF32041551300B00E16 /* VideoCell.xib in Resources */,
				0446CB3A1F2CD37900B781CF /* LaunchScreen.storyboard in Resources */,
				04B4AE91202D371C007BCD9F /* SecneryDetailCell.xib in Resources */,
				041A476C20240B2400FB0EE7 /* hospital.plist in Resources */,
				041A476620240B2400FB0EE7 /* Address.plist in Resources */,
				041A476720240B2400FB0EE7 /* city.plist in Resources */,
				04B4AE93202D728C007BCD9F /* scenery_city.plist in Resources */,
				0446CB371F2CD37900B781CF /* Assets.xcassets in Resources */,
				049DE36E205A59A20061B13D /* SingleView.xib in Resources */,
				0446CB351F2CD37900B781CF /* Main.storyboard in Resources */,
				041A476A20240B2400FB0EE7 /* HospitalCell.xib in Resources */,
				041A476D20240B2400FB0EE7 /* HosDetailCell.xib in Resources */,
			);
			runOnlyForDeploymentPostprocessing = 0;
		};
		0446CB3E1F2CD37900B781CF /* Resources */ = {
			isa = PBXResourcesBuildPhase;
			buildActionMask = 2147483647;
			files = (
			);
			runOnlyForDeploymentPostprocessing = 0;
		};
		0446CB491F2CD37900B781CF /* Resources */ = {
			isa = PBXResourcesBuildPhase;
			buildActionMask = 2147483647;
			files = (
			);
			runOnlyForDeploymentPostprocessing = 0;
		};
/* End PBXResourcesBuildPhase section */

/* Begin PBXShellScriptBuildPhase section */
		0D0A71552DD5253E23B90210 /* [CP] Embed Pods Frameworks */ = {
			isa = PBXShellScriptBuildPhase;
			buildActionMask = 2147483647;
			files = (
			);
			inputPaths = (
				"${SRCROOT}/Pods/Target Support Files/Pods-HYCustomDemo/Pods-HYCustomDemo-frameworks.sh",
				"${PODS_ROOT}/Hyphenate/ios_IM_Hyphenate_sdk_3.3.7/HyphenateFullSDK/Hyphenate.framework",
				"${PODS_ROOT}/HyphenateLite/ios_IM_HyphenateLite_sdk_3.3.7/HyphenateSDK/HyphenateLite.framework",
			);
			name = "[CP] Embed Pods Frameworks";
			outputPaths = (
				"${TARGET_BUILD_DIR}/${FRAMEWORKS_FOLDER_PATH}/Hyphenate.framework",
				"${TARGET_BUILD_DIR}/${FRAMEWORKS_FOLDER_PATH}/HyphenateLite.framework",
			);
			runOnlyForDeploymentPostprocessing = 0;
			shellPath = /bin/sh;
			shellScript = "\"${SRCROOT}/Pods/Target Support Files/Pods-HYCustomDemo/Pods-HYCustomDemo-frameworks.sh\"\n";
			showEnvVarsInLog = 0;
		};
		1D01F3B3334EBD9EAFFC6383 /* [CP] Copy Pods Resources */ = {
			isa = PBXShellScriptBuildPhase;
			buildActionMask = 2147483647;
			files = (
			);
			inputPaths = (
				"${SRCROOT}/Pods/Target Support Files/Pods-HYCustomDemo/Pods-HYCustomDemo-resources.sh",
				"${PODS_ROOT}/LCProgressHUD/LCProgressHUD/LCProgressHUD.bundle",
				"${PODS_ROOT}/MJRefresh/MJRefresh/MJRefresh.bundle",
				"${PODS_ROOT}/PYSearch/PYSearch/PYSearch.bundle",
				"${PODS_ROOT}/ZFPlayer/ZFPlayer/ZFPlayer.bundle",
			);
			name = "[CP] Copy Pods Resources";
			outputPaths = (
				"${TARGET_BUILD_DIR}/${UNLOCALIZED_RESOURCES_FOLDER_PATH}",
			);
			runOnlyForDeploymentPostprocessing = 0;
			shellPath = /bin/sh;
			shellScript = "\"${SRCROOT}/Pods/Target Support Files/Pods-HYCustomDemo/Pods-HYCustomDemo-resources.sh\"\n";
			showEnvVarsInLog = 0;
		};
		6C0ABEF75BC0A845C111D91F /* [CP] Check Pods Manifest.lock */ = {
			isa = PBXShellScriptBuildPhase;
			buildActionMask = 2147483647;
			files = (
			);
			inputPaths = (
				"${PODS_PODFILE_DIR_PATH}/Podfile.lock",
				"${PODS_ROOT}/Manifest.lock",
			);
			name = "[CP] Check Pods Manifest.lock";
			outputPaths = (
				"$(DERIVED_FILE_DIR)/Pods-HYCustomDemo-checkManifestLockResult.txt",
			);
			runOnlyForDeploymentPostprocessing = 0;
			shellPath = /bin/sh;
			shellScript = "diff \"${PODS_PODFILE_DIR_PATH}/Podfile.lock\" \"${PODS_ROOT}/Manifest.lock\" > /dev/null\nif [ $? != 0 ] ; then\n    # print error to STDERR\n    echo \"error: The sandbox is not in sync with the Podfile.lock. Run 'pod install' or update your CocoaPods installation.\" >&2\n    exit 1\nfi\n# This output is used by Xcode 'outputs' to avoid re-running this script phase.\necho \"SUCCESS\" > \"${SCRIPT_OUTPUT_FILE_0}\"\n";
			showEnvVarsInLog = 0;
		};
/* End PBXShellScriptBuildPhase section */

/* Begin PBXSourcesBuildPhase section */
		0446CB231F2CD37900B781CF /* Sources */ = {
			isa = PBXSourcesBuildPhase;
			buildActionMask = 2147483647;
			files = (
				04405E861F4E64D200217D16 /* HYDataBase.m in Sources */,
				049DE36A205A50380061B13D /* SingleView.m in Sources */,
				04A43ED71F302372000DBC7F /* Tools.m in Sources */,
				04A43EE61F306DC0000DBC7F /* NewsModel.m in Sources */,
				041A476420240B2400FB0EE7 /* LZCityPickerView.m in Sources */,
				041A477020240B2400FB0EE7 /* HosDetailCell.m in Sources */,
				045D7AF62041636A00B00E16 /* VideoModel.m in Sources */,
				045D7AE3203FEA1200B00E16 /* HealthCell.m in Sources */,
				04206ADD1F31B13500DF8762 /* HYWKViewController.m in Sources */,
				04C473AA1F2CE48B005AB420 /* HYDataService.m in Sources */,
				0446CB2C1F2CD37900B781CF /* main.m in Sources */,
				04A43EF21F307EE5000DBC7F /* NewsPageViewController.m in Sources */,
				045D7ADD203EC83900B00E16 /* H_TitleModel.m in Sources */,
				04D8AC69202ACD5D00401EF7 /* SceneryCell.m in Sources */,
				0442328B205BA17D00ADA061 /* WHWebViewController.m in Sources */,
				04D8AC5820299CB000401EF7 /* HYGetParameter.m in Sources */,
				04A43EEC1F307AC0000DBC7F /* NewsCell.m in Sources */,
				04B4AE86202C3095007BCD9F /* MyPictureCell.m in Sources */,
				04D8AC5120298AC800401EF7 /* NewsViewController.m in Sources */,
				0484CF84204E40C2002CB1F6 /* WSLNativeScanTool.m in Sources */,
				041A476520240B2400FB0EE7 /* LZPickerModel.m in Sources */,
				04D8AC4D2029890800401EF7 /* RootViewController.m in Sources */,
				04D8AC55202991FB00401EF7 /* HYButton.m in Sources */,
				049DE378205B67EA0061B13D /* UIScrollView+HYRefresh.m in Sources */,
				041A476B20240B2400FB0EE7 /* HospitalCell.m in Sources */,
				041A476E20240B2400FB0EE7 /* HosDetailViewController.m in Sources */,
				049DE375205B66D50061B13D /* UIScrollView+HYEmptyDataSet.m in Sources */,
				049F35B61FA322F600C4F1D7 /* HomeViewController.m in Sources */,
				045D7AD9203EC25F00B00E16 /* HealthyViewController.m in Sources */,
				04B4AE90202D371C007BCD9F /* SecneryDetailCell.m in Sources */,
				0442328E205BAD4300ADA061 /* UIViewController+BackButtonHandler.m in Sources */,
				041A477420240B5200FB0EE7 /* HYNetWorking.m in Sources */,
				0458F9FD202BF6DC004925AF /* SceneryDetailVC.m in Sources */,
				041A476820240B2400FB0EE7 /* LZCityPickerController.m in Sources */,
				04D8AC5C2029AE4800401EF7 /* SceneryViewController.m in Sources */,
				04A43EEF1F307BC8000DBC7F /* NewsTableView.m in Sources */,
				04D8AC4A202988D300401EF7 /* AppDelegate.m in Sources */,
				045D7AF22041551300B00E16 /* VideoCell.m in Sources */,
				045D7AEB2040115900B00E16 /* VideoViewController.m in Sources */,
				04D8AC49202988D300401EF7 /* ViewController.m in Sources */,
				045D7AD3203EB72B00B00E16 /* HealthViewController.m in Sources */,
				041A476920240B2400FB0EE7 /* HospitalViewController.m in Sources */,
				04B4AE8C202C4692007BCD9F /* RCDraggableButton.m in Sources */,
				045D7AE7203FEE0700B00E16 /* HealthModel.m in Sources */,
				0458F9FA202BF6B4004925AF /* HYPictureViewController.m in Sources */,
				0484CF83204E40C2002CB1F6 /* WSLScanView.m in Sources */,
				0484CF88204E40F5002CB1F6 /* HYCodeViewController.m in Sources */,
				04405E821F4D635200217D16 /* PhotosContainerView.m in Sources */,
				04D8AC6D202AEC5100401EF7 /* ProvinceCell.m in Sources */,
				04D8AC64202AA85700401EF7 /* SceneryModel.m in Sources */,
			);
			runOnlyForDeploymentPostprocessing = 0;
		};
		0446CB3C1F2CD37900B781CF /* Sources */ = {
			isa = PBXSourcesBuildPhase;
			buildActionMask = 2147483647;
			files = (
				0446CB451F2CD37900B781CF /* HYCustomDemoTests.m in Sources */,
			);
			runOnlyForDeploymentPostprocessing = 0;
		};
		0446CB471F2CD37900B781CF /* Sources */ = {
			isa = PBXSourcesBuildPhase;
			buildActionMask = 2147483647;
			files = (
				0446CB501F2CD37900B781CF /* HYCustomDemoUITests.m in Sources */,
			);
			runOnlyForDeploymentPostprocessing = 0;
		};
/* End PBXSourcesBuildPhase section */

/* Begin PBXTargetDependency section */
		0446CB421F2CD37900B781CF /* PBXTargetDependency */ = {
			isa = PBXTargetDependency;
			target = 0446CB261F2CD37900B781CF /* HYCustomDemo */;
			targetProxy = 0446CB411F2CD37900B781CF /* PBXContainerItemProxy */;
		};
		0446CB4D1F2CD37900B781CF /* PBXTargetDependency */ = {
			isa = PBXTargetDependency;
			target = 0446CB261F2CD37900B781CF /* HYCustomDemo */;
			targetProxy = 0446CB4C1F2CD37900B781CF /* PBXContainerItemProxy */;
		};
/* End PBXTargetDependency section */

/* Begin PBXVariantGroup section */
		0446CB331F2CD37900B781CF /* Main.storyboard */ = {
			isa = PBXVariantGroup;
			children = (
				0446CB341F2CD37900B781CF /* Base */,
			);
			name = Main.storyboard;
			sourceTree = "<group>";
		};
		0446CB381F2CD37900B781CF /* LaunchScreen.storyboard */ = {
			isa = PBXVariantGroup;
			children = (
				0446CB391F2CD37900B781CF /* Base */,
			);
			name = LaunchScreen.storyboard;
			sourceTree = "<group>";
		};
/* End PBXVariantGroup section */

/* Begin XCBuildConfiguration section */
		0446CB521F2CD37900B781CF /* Debug */ = {
			isa = XCBuildConfiguration;
			buildSettings = {
				ALWAYS_SEARCH_USER_PATHS = NO;
				CLANG_ANALYZER_NONNULL = YES;
				CLANG_ANALYZER_NUMBER_OBJECT_CONVERSION = YES_AGGRESSIVE;
				CLANG_CXX_LANGUAGE_STANDARD = "gnu++0x";
				CLANG_CXX_LIBRARY = "libc++";
				CLANG_ENABLE_MODULES = YES;
				CLANG_ENABLE_OBJC_ARC = YES;
				CLANG_WARN_BOOL_CONVERSION = YES;
				CLANG_WARN_CONSTANT_CONVERSION = YES;
				CLANG_WARN_DIRECT_OBJC_ISA_USAGE = YES_ERROR;
				CLANG_WARN_DOCUMENTATION_COMMENTS = YES;
				CLANG_WARN_EMPTY_BODY = YES;
				CLANG_WARN_ENUM_CONVERSION = YES;
				CLANG_WARN_INFINITE_RECURSION = YES;
				CLANG_WARN_INT_CONVERSION = YES;
				CLANG_WARN_OBJC_ROOT_CLASS = YES_ERROR;
				CLANG_WARN_SUSPICIOUS_MOVE = YES;
				CLANG_WARN_UNREACHABLE_CODE = YES;
				CLANG_WARN__DUPLICATE_METHOD_MATCH = YES;
				"CODE_SIGN_IDENTITY[sdk=iphoneos*]" = "iPhone Developer";
				COPY_PHASE_STRIP = NO;
				DEBUG_INFORMATION_FORMAT = dwarf;
				ENABLE_STRICT_OBJC_MSGSEND = YES;
				ENABLE_TESTABILITY = YES;
				FRAMEWORK_SEARCH_PATHS = (
					"$(inherited)",
					"$(PROJECT_DIR)/HYCustomDemo",
				);
				GCC_C_LANGUAGE_STANDARD = gnu99;
				GCC_DYNAMIC_NO_PIC = NO;
				GCC_NO_COMMON_BLOCKS = YES;
				GCC_OPTIMIZATION_LEVEL = 0;
				GCC_PREPROCESSOR_DEFINITIONS = (
					"DEBUG=1",
					"$(inherited)",
				);
				GCC_WARN_64_TO_32_BIT_CONVERSION = YES;
				GCC_WARN_ABOUT_RETURN_TYPE = YES_ERROR;
				GCC_WARN_UNDECLARED_SELECTOR = YES;
				GCC_WARN_UNINITIALIZED_AUTOS = YES_AGGRESSIVE;
				GCC_WARN_UNUSED_FUNCTION = YES;
				GCC_WARN_UNUSED_VARIABLE = YES;
				IPHONEOS_DEPLOYMENT_TARGET = 10.3;
				MTL_ENABLE_DEBUG_INFO = YES;
				ONLY_ACTIVE_ARCH = YES;
				SDKROOT = iphoneos;
				TARGETED_DEVICE_FAMILY = "1,2";
			};
			name = Debug;
		};
		0446CB531F2CD37900B781CF /* Release */ = {
			isa = XCBuildConfiguration;
			buildSettings = {
				ALWAYS_SEARCH_USER_PATHS = NO;
				CLANG_ANALYZER_NONNULL = YES;
				CLANG_ANALYZER_NUMBER_OBJECT_CONVERSION = YES_AGGRESSIVE;
				CLANG_CXX_LANGUAGE_STANDARD = "gnu++0x";
				CLANG_CXX_LIBRARY = "libc++";
				CLANG_ENABLE_MODULES = YES;
				CLANG_ENABLE_OBJC_ARC = YES;
				CLANG_WARN_BOOL_CONVERSION = YES;
				CLANG_WARN_CONSTANT_CONVERSION = YES;
				CLANG_WARN_DIRECT_OBJC_ISA_USAGE = YES_ERROR;
				CLANG_WARN_DOCUMENTATION_COMMENTS = YES;
				CLANG_WARN_EMPTY_BODY = YES;
				CLANG_WARN_ENUM_CONVERSION = YES;
				CLANG_WARN_INFINITE_RECURSION = YES;
				CLANG_WARN_INT_CONVERSION = YES;
				CLANG_WARN_OBJC_ROOT_CLASS = YES_ERROR;
				CLANG_WARN_SUSPICIOUS_MOVE = YES;
				CLANG_WARN_UNREACHABLE_CODE = YES;
				CLANG_WARN__DUPLICATE_METHOD_MATCH = YES;
				"CODE_SIGN_IDENTITY[sdk=iphoneos*]" = "iPhone Developer";
				COPY_PHASE_STRIP = NO;
				DEBUG_INFORMATION_FORMAT = "dwarf-with-dsym";
				ENABLE_NS_ASSERTIONS = NO;
				ENABLE_STRICT_OBJC_MSGSEND = YES;
				FRAMEWORK_SEARCH_PATHS = (
					"$(inherited)",
					"$(PROJECT_DIR)/HYCustomDemo",
				);
				GCC_C_LANGUAGE_STANDARD = gnu99;
				GCC_NO_COMMON_BLOCKS = YES;
				GCC_WARN_64_TO_32_BIT_CONVERSION = YES;
				GCC_WARN_ABOUT_RETURN_TYPE = YES_ERROR;
				GCC_WARN_UNDECLARED_SELECTOR = YES;
				GCC_WARN_UNINITIALIZED_AUTOS = YES_AGGRESSIVE;
				GCC_WARN_UNUSED_FUNCTION = YES;
				GCC_WARN_UNUSED_VARIABLE = YES;
				IPHONEOS_DEPLOYMENT_TARGET = 10.3;
				MTL_ENABLE_DEBUG_INFO = NO;
				SDKROOT = iphoneos;
				TARGETED_DEVICE_FAMILY = "1,2";
				VALIDATE_PRODUCT = YES;
			};
			name = Release;
		};
		0446CB551F2CD37900B781CF /* Debug */ = {
			isa = XCBuildConfiguration;
			baseConfigurationReference = 0459B924103878DEF2604370 /* Pods-HYCustomDemo.debug.xcconfig */;
			buildSettings = {
				ASSETCATALOG_COMPILER_APPICON_NAME = AppIcon;
				DEVELOPMENT_TEAM = 5PQN62M948;
				GCC_PREFIX_HEADER = HYCustomDemo/Support/PCH/PrefixHeader.pch;
				INFOPLIST_FILE = HYCustomDemo/Info.plist;
				IPHONEOS_DEPLOYMENT_TARGET = 9.0;
				LD_RUNPATH_SEARCH_PATHS = "$(inherited) @executable_path/Frameworks";
				PRODUCT_BUNDLE_IDENTIFIER = hey136.HYCustomDemo;
				PRODUCT_NAME = "$(TARGET_NAME)";
			};
			name = Debug;
		};
		0446CB561F2CD37900B781CF /* Release */ = {
			isa = XCBuildConfiguration;
			baseConfigurationReference = B6C22DC79701F6442642BE5F /* Pods-HYCustomDemo.release.xcconfig */;
			buildSettings = {
				ASSETCATALOG_COMPILER_APPICON_NAME = AppIcon;
				DEVELOPMENT_TEAM = 5PQN62M948;
				GCC_PREFIX_HEADER = HYCustomDemo/Support/PCH/PrefixHeader.pch;
				INFOPLIST_FILE = HYCustomDemo/Info.plist;
				IPHONEOS_DEPLOYMENT_TARGET = 9.0;
				LD_RUNPATH_SEARCH_PATHS = "$(inherited) @executable_path/Frameworks";
				PRODUCT_BUNDLE_IDENTIFIER = hey136.HYCustomDemo;
				PRODUCT_NAME = "$(TARGET_NAME)";
			};
			name = Release;
		};
		0446CB581F2CD37900B781CF /* Debug */ = {
			isa = XCBuildConfiguration;
			buildSettings = {
				BUNDLE_LOADER = "$(TEST_HOST)";
				INFOPLIST_FILE = HYCustomDemoTests/Info.plist;
				LD_RUNPATH_SEARCH_PATHS = "$(inherited) @executable_path/Frameworks @loader_path/Frameworks";
				PRODUCT_BUNDLE_IDENTIFIER = hey136.HYCustomDemoTests;
				PRODUCT_NAME = "$(TARGET_NAME)";
				TEST_HOST = "$(BUILT_PRODUCTS_DIR)/HYCustomDemo.app/HYCustomDemo";
			};
			name = Debug;
		};
		0446CB591F2CD37900B781CF /* Release */ = {
			isa = XCBuildConfiguration;
			buildSettings = {
				BUNDLE_LOADER = "$(TEST_HOST)";
				INFOPLIST_FILE = HYCustomDemoTests/Info.plist;
				LD_RUNPATH_SEARCH_PATHS = "$(inherited) @executable_path/Frameworks @loader_path/Frameworks";
				PRODUCT_BUNDLE_IDENTIFIER = hey136.HYCustomDemoTests;
				PRODUCT_NAME = "$(TARGET_NAME)";
				TEST_HOST = "$(BUILT_PRODUCTS_DIR)/HYCustomDemo.app/HYCustomDemo";
			};
			name = Release;
		};
		0446CB5B1F2CD37900B781CF /* Debug */ = {
			isa = XCBuildConfiguration;
			buildSettings = {
				INFOPLIST_FILE = HYCustomDemoUITests/Info.plist;
				LD_RUNPATH_SEARCH_PATHS = "$(inherited) @executable_path/Frameworks @loader_path/Frameworks";
				PRODUCT_BUNDLE_IDENTIFIER = hey136.HYCustomDemoUITests;
				PRODUCT_NAME = "$(TARGET_NAME)";
				TEST_TARGET_NAME = HYCustomDemo;
			};
			name = Debug;
		};
		0446CB5C1F2CD37900B781CF /* Release */ = {
			isa = XCBuildConfiguration;
			buildSettings = {
				INFOPLIST_FILE = HYCustomDemoUITests/Info.plist;
				LD_RUNPATH_SEARCH_PATHS = "$(inherited) @executable_path/Frameworks @loader_path/Frameworks";
				PRODUCT_BUNDLE_IDENTIFIER = hey136.HYCustomDemoUITests;
				PRODUCT_NAME = "$(TARGET_NAME)";
				TEST_TARGET_NAME = HYCustomDemo;
			};
			name = Release;
		};
/* End XCBuildConfiguration section */

/* Begin XCConfigurationList section */
		0446CB221F2CD37900B781CF /* Build configuration list for PBXProject "HYCustomDemo" */ = {
			isa = XCConfigurationList;
			buildConfigurations = (
				0446CB521F2CD37900B781CF /* Debug */,
				0446CB531F2CD37900B781CF /* Release */,
			);
			defaultConfigurationIsVisible = 0;
			defaultConfigurationName = Release;
		};
		0446CB541F2CD37900B781CF /* Build configuration list for PBXNativeTarget "HYCustomDemo" */ = {
			isa = XCConfigurationList;
			buildConfigurations = (
				0446CB551F2CD37900B781CF /* Debug */,
				0446CB561F2CD37900B781CF /* Release */,
			);
			defaultConfigurationIsVisible = 0;
			defaultConfigurationName = Release;
		};
		0446CB571F2CD37900B781CF /* Build configuration list for PBXNativeTarget "HYCustomDemoTests" */ = {
			isa = XCConfigurationList;
			buildConfigurations = (
				0446CB581F2CD37900B781CF /* Debug */,
				0446CB591F2CD37900B781CF /* Release */,
			);
			defaultConfigurationIsVisible = 0;
			defaultConfigurationName = Release;
		};
		0446CB5A1F2CD37900B781CF /* Build configuration list for PBXNativeTarget "HYCustomDemoUITests" */ = {
			isa = XCConfigurationList;
			buildConfigurations = (
				0446CB5B1F2CD37900B781CF /* Debug */,
				0446CB5C1F2CD37900B781CF /* Release */,
			);
			defaultConfigurationIsVisible = 0;
			defaultConfigurationName = Release;
		};
/* End XCConfigurationList section */
	};
	rootObject = 0446CB1F1F2CD37900B781CF /* Project object */;
}
