// !$*UTF8*$!
{
	archiveVersion = 1;
	classes = {
	};
	objectVersion = 48;
	objects = {

/* Begin PBXBuildFile section */
		045C4A00201AC79D0010788C /* AppDelegate.m in Sources */ = {isa = PBXBuildFile; fileRef = 045C49FF201AC79D0010788C /* AppDelegate.m */; };
		045C4A03201AC79D0010788C /* ViewController.m in Sources */ = {isa = PBXBuildFile; fileRef = 045C4A02201AC79D0010788C /* ViewController.m */; };
		045C4A06201AC79D0010788C /* Main.storyboard in Resources */ = {isa = PBXBuildFile; fileRef = 045C4A04201AC79D0010788C /* Main.storyboard */; };
		045C4A08201AC79D0010788C /* Assets.xcassets in Resources */ = {isa = PBXBuildFile; fileRef = 045C4A07201AC79D0010788C /* Assets.xcassets */; };
		045C4A0B201AC79D0010788C /* LaunchScreen.storyboard in Resources */ = {isa = PBXBuildFile; fileRef = 045C4A09201AC79D0010788C /* LaunchScreen.storyboard */; };
		045C4A0E201AC79D0010788C /* main.m in Sources */ = {isa = PBXBuildFile; fileRef = 045C4A0D201AC79D0010788C /* main.m */; };
		045C4A18201AC79D0010788C /* MyCustomDemoTests.m in Sources */ = {isa = PBXBuildFile; fileRef = 045C4A17201AC79D0010788C /* MyCustomDemoTests.m */; };
		045C4A23201AC79D0010788C /* MyCustomDemoUITests.m in Sources */ = {isa = PBXBuildFile; fileRef = 045C4A22201AC79D0010788C /* MyCustomDemoUITests.m */; };
/* End PBXBuildFile section */

/* Begin PBXContainerItemProxy section */
		045C4A14201AC79D0010788C /* PBXContainerItemProxy */ = {
			isa = PBXContainerItemProxy;
			containerPortal = 045C49F3201AC79C0010788C /* Project object */;
			proxyType = 1;
			remoteGlobalIDString = 045C49FA201AC79D0010788C;
			remoteInfo = MyCustomDemo;
		};
		045C4A1F201AC79D0010788C /* PBXContainerItemProxy */ = {
			isa = PBXContainerItemProxy;
			containerPortal = 045C49F3201AC79C0010788C /* Project object */;
			proxyType = 1;
			remoteGlobalIDString = 045C49FA201AC79D0010788C;
			remoteInfo = MyCustomDemo;
		};
/* End PBXContainerItemProxy section */

/* Begin PBXFileReference section */
		045C49FB201AC79D0010788C /* MyCustomDemo.app */ = {isa = PBXFileReference; explicitFileType = wrapper.application; includeInIndex = 0; path = MyCustomDemo.app; sourceTree = BUILT_PRODUCTS_DIR; };
		045C49FE201AC79D0010788C /* AppDelegate.h */ = {isa = PBXFileReference; lastKnownFileType = sourcecode.c.h; path = AppDelegate.h; sourceTree = "<group>"; };
		045C49FF201AC79D0010788C /* AppDelegate.m */ = {isa = PBXFileReference; lastKnownFileType = sourcecode.c.objc; path = AppDelegate.m; sourceTree = "<group>"; };
		045C4A01201AC79D0010788C /* ViewController.h */ = {isa = PBXFileReference; lastKnownFileType = sourcecode.c.h; path = ViewController.h; sourceTree = "<group>"; };
		045C4A02201AC79D0010788C /* ViewController.m */ = {isa = PBXFileReference; lastKnownFileType = sourcecode.c.objc; path = ViewController.m; sourceTree = "<group>"; };
		045C4A05201AC79D0010788C /* Base */ = {isa = PBXFileReference; lastKnownFileType = file.storyboard; name = Base; path = Base.lproj/Main.storyboard; sourceTree = "<group>"; };
		045C4A07201AC79D0010788C /* Assets.xcassets */ = {isa = PBXFileReference; lastKnownFileType = folder.assetcatalog; path = Assets.xcassets; sourceTree = "<group>"; };
		045C4A0A201AC79D0010788C /* Base */ = {isa = PBXFileReference; lastKnownFileType = file.storyboard; name = Base; path = Base.lproj/LaunchScreen.storyboard; sourceTree = "<group>"; };
		045C4A0C201AC79D0010788C /* Info.plist */ = {isa = PBXFileReference; lastKnownFileType = text.plist.xml; path = Info.plist; sourceTree = "<group>"; };
		045C4A0D201AC79D0010788C /* main.m */ = {isa = PBXFileReference; lastKnownFileType = sourcecode.c.objc; path = main.m; sourceTree = "<group>"; };
		045C4A13201AC79D0010788C /* MyCustomDemoTests.xctest */ = {isa = PBXFileReference; explicitFileType = wrapper.cfbundle; includeInIndex = 0; path = MyCustomDemoTests.xctest; sourceTree = BUILT_PRODUCTS_DIR; };
		045C4A17201AC79D0010788C /* MyCustomDemoTests.m */ = {isa = PBXFileReference; lastKnownFileType = sourcecode.c.objc; path = MyCustomDemoTests.m; sourceTree = "<group>"; };
		045C4A19201AC79D0010788C /* Info.plist */ = {isa = PBXFileReference; lastKnownFileType = text.plist.xml; path = Info.plist; sourceTree = "<group>"; };
		045C4A1E201AC79D0010788C /* MyCustomDemoUITests.xctest */ = {isa = PBXFileReference; explicitFileType = wrapper.cfbundle; includeInIndex = 0; path = MyCustomDemoUITests.xctest; sourceTree = BUILT_PRODUCTS_DIR; };
		045C4A22201AC79D0010788C /* MyCustomDemoUITests.m */ = {isa = PBXFileReference; lastKnownFileType = sourcecode.c.objc; path = MyCustomDemoUITests.m; sourceTree = "<group>"; };
		045C4A24201AC79D0010788C /* Info.plist */ = {isa = PBXFileReference; lastKnownFileType = text.plist.xml; path = Info.plist; sourceTree = "<group>"; };
/* End PBXFileReference section */

/* Begin PBXFrameworksBuildPhase section */
		045C49F8201AC79D0010788C /* Frameworks */ = {
			isa = PBXFrameworksBuildPhase;
			buildActionMask = 2147483647;
			files = (
			);
			runOnlyForDeploymentPostprocessing = 0;
		};
		045C4A10201AC79D0010788C /* Frameworks */ = {
			isa = PBXFrameworksBuildPhase;
			buildActionMask = 2147483647;
			files = (
			);
			runOnlyForDeploymentPostprocessing = 0;
		};
		045C4A1B201AC79D0010788C /* Frameworks */ = {
			isa = PBXFrameworksBuildPhase;
			buildActionMask = 2147483647;
			files = (
			);
			runOnlyForDeploymentPostprocessing = 0;
		};
/* End PBXFrameworksBuildPhase section */

/* Begin PBXGroup section */
		045C49F2201AC79C0010788C = {
			isa = PBXGroup;
			children = (
				045C49FD201AC79D0010788C /* MyCustomDemo */,
				045C4A16201AC79D0010788C /* MyCustomDemoTests */,
				045C4A21201AC79D0010788C /* MyCustomDemoUITests */,
				045C49FC201AC79D0010788C /* Products */,
			);
			sourceTree = "<group>";
		};
		045C49FC201AC79D0010788C /* Products */ = {
			isa = PBXGroup;
			children = (
				045C49FB201AC79D0010788C /* MyCustomDemo.app */,
				045C4A13201AC79D0010788C /* MyCustomDemoTests.xctest */,
				045C4A1E201AC79D0010788C /* MyCustomDemoUITests.xctest */,
			);
			name = Products;
			sourceTree = "<group>";
		};
		045C49FD201AC79D0010788C /* MyCustomDemo */ = {
			isa = PBXGroup;
			children = (
				045C49FE201AC79D0010788C /* AppDelegate.h */,
				045C49FF201AC79D0010788C /* AppDelegate.m */,
				045C4A01201AC79D0010788C /* ViewController.h */,
				045C4A02201AC79D0010788C /* ViewController.m */,
				045C4A04201AC79D0010788C /* Main.storyboard */,
				045C4A07201AC79D0010788C /* Assets.xcassets */,
				045C4A09201AC79D0010788C /* LaunchScreen.storyboard */,
				045C4A0C201AC79D0010788C /* Info.plist */,
				045C4A0D201AC79D0010788C /* main.m */,
			);
			path = MyCustomDemo;
			sourceTree = "<group>";
		};
		045C4A16201AC79D0010788C /* MyCustomDemoTests */ = {
			isa = PBXGroup;
			children = (
				045C4A17201AC79D0010788C /* MyCustomDemoTests.m */,
				045C4A19201AC79D0010788C /* Info.plist */,
			);
			path = MyCustomDemoTests;
			sourceTree = "<group>";
		};
		045C4A21201AC79D0010788C /* MyCustomDemoUITests */ = {
			isa = PBXGroup;
			children = (
				045C4A22201AC79D0010788C /* MyCustomDemoUITests.m */,
				045C4A24201AC79D0010788C /* Info.plist */,
			);
			path = MyCustomDemoUITests;
			sourceTree = "<group>";
		};
/* End PBXGroup section */

/* Begin PBXNativeTarget section */
		045C49FA201AC79D0010788C /* MyCustomDemo */ = {
			isa = PBXNativeTarget;
			buildConfigurationList = 045C4A27201AC79D0010788C /* Build configuration list for PBXNativeTarget "MyCustomDemo" */;
			buildPhases = (
				045C49F7201AC79D0010788C /* Sources */,
				045C49F8201AC79D0010788C /* Frameworks */,
				045C49F9201AC79D0010788C /* Resources */,
			);
			buildRules = (
			);
			dependencies = (
			);
			name = MyCustomDemo;
			productName = MyCustomDemo;
			productReference = 045C49FB201AC79D0010788C /* MyCustomDemo.app */;
			productType = "com.apple.product-type.application";
		};
		045C4A12201AC79D0010788C /* MyCustomDemoTests */ = {
			isa = PBXNativeTarget;
			buildConfigurationList = 045C4A2A201AC79D0010788C /* Build configuration list for PBXNativeTarget "MyCustomDemoTests" */;
			buildPhases = (
				045C4A0F201AC79D0010788C /* Sources */,
				045C4A10201AC79D0010788C /* Frameworks */,
				045C4A11201AC79D0010788C /* Resources */,
			);
			buildRules = (
			);
			dependencies = (
				045C4A15201AC79D0010788C /* PBXTargetDependency */,
			);
			name = MyCustomDemoTests;
			productName = MyCustomDemoTests;
			productReference = 045C4A13201AC79D0010788C /* MyCustomDemoTests.xctest */;
			productType = "com.apple.product-type.bundle.unit-test";
		};
		045C4A1D201AC79D0010788C /* MyCustomDemoUITests */ = {
			isa = PBXNativeTarget;
			buildConfigurationList = 045C4A2D201AC79D0010788C /* Build configuration list for PBXNativeTarget "MyCustomDemoUITests" */;
			buildPhases = (
				045C4A1A201AC79D0010788C /* Sources */,
				045C4A1B201AC79D0010788C /* Frameworks */,
				045C4A1C201AC79D0010788C /* Resources */,
			);
			buildRules = (
			);
			dependencies = (
				045C4A20201AC79D0010788C /* PBXTargetDependency */,
			);
			name = MyCustomDemoUITests;
			productName = MyCustomDemoUITests;
			productReference = 045C4A1E201AC79D0010788C /* MyCustomDemoUITests.xctest */;
			productType = "com.apple.product-type.bundle.ui-testing";
		};
/* End PBXNativeTarget section */

/* Begin PBXProject section */
		045C49F3201AC79C0010788C /* Project object */ = {
			isa = PBXProject;
			attributes = {
				LastUpgradeCheck = 0920;
				ORGANIZATIONNAME = apple;
				TargetAttributes = {
					045C49FA201AC79D0010788C = {
						CreatedOnToolsVersion = 9.2;
						ProvisioningStyle = Automatic;
					};
					045C4A12201AC79D0010788C = {
						CreatedOnToolsVersion = 9.2;
						ProvisioningStyle = Automatic;
						TestTargetID = 045C49FA201AC79D0010788C;
					};
					045C4A1D201AC79D0010788C = {
						CreatedOnToolsVersion = 9.2;
						ProvisioningStyle = Automatic;
						TestTargetID = 045C49FA201AC79D0010788C;
					};
				};
			};
			buildConfigurationList = 045C49F6201AC79C0010788C /* Build configuration list for PBXProject "MyCustomDemo" */;
			compatibilityVersion = "Xcode 8.0";
			developmentRegion = en;
			hasScannedForEncodings = 0;
			knownRegions = (
				en,
				Base,
			);
			mainGroup = 045C49F2201AC79C0010788C;
			productRefGroup = 045C49FC201AC79D0010788C /* Products */;
			projectDirPath = "";
			projectRoot = "";
			targets = (
				045C49FA201AC79D0010788C /* MyCustomDemo */,
				045C4A12201AC79D0010788C /* MyCustomDemoTests */,
				045C4A1D201AC79D0010788C /* MyCustomDemoUITests */,
			);
		};
/* End PBXProject section */

/* Begin PBXResourcesBuildPhase section */
		045C49F9201AC79D0010788C /* Resources */ = {
			isa = PBXResourcesBuildPhase;
			buildActionMask = 2147483647;
			files = (
				045C4A0B201AC79D0010788C /* LaunchScreen.storyboard in Resources */,
				045C4A08201AC79D0010788C /* Assets.xcassets in Resources */,
				045C4A06201AC79D0010788C /* Main.storyboard in Resources */,
			);
			runOnlyForDeploymentPostprocessing = 0;
		};
		045C4A11201AC79D0010788C /* Resources */ = {
			isa = PBXResourcesBuildPhase;
			buildActionMask = 2147483647;
			files = (
			);
			runOnlyForDeploymentPostprocessing = 0;
		};
		045C4A1C201AC79D0010788C /* Resources */ = {
			isa = PBXResourcesBuildPhase;
			buildActionMask = 2147483647;
			files = (
			);
			runOnlyForDeploymentPostprocessing = 0;
		};
/* End PBXResourcesBuildPhase section */

/* Begin PBXSourcesBuildPhase section */
		045C49F7201AC79D0010788C /* Sources */ = {
			isa = PBXSourcesBuildPhase;
			buildActionMask = 2147483647;
			files = (
				045C4A03201AC79D0010788C /* ViewController.m in Sources */,
				045C4A0E201AC79D0010788C /* main.m in Sources */,
				045C4A00201AC79D0010788C /* AppDelegate.m in Sources */,
			);
			runOnlyForDeploymentPostprocessing = 0;
		};
		045C4A0F201AC79D0010788C /* Sources */ = {
			isa = PBXSourcesBuildPhase;
			buildActionMask = 2147483647;
			files = (
				045C4A18201AC79D0010788C /* MyCustomDemoTests.m in Sources */,
			);
			runOnlyForDeploymentPostprocessing = 0;
		};
		045C4A1A201AC79D0010788C /* Sources */ = {
			isa = PBXSourcesBuildPhase;
			buildActionMask = 2147483647;
			files = (
				045C4A23201AC79D0010788C /* MyCustomDemoUITests.m in Sources */,
			);
			runOnlyForDeploymentPostprocessing = 0;
		};
/* End PBXSourcesBuildPhase section */

/* Begin PBXTargetDependency section */
		045C4A15201AC79D0010788C /* PBXTargetDependency */ = {
			isa = PBXTargetDependency;
			target = 045C49FA201AC79D0010788C /* MyCustomDemo */;
			targetProxy = 045C4A14201AC79D0010788C /* PBXContainerItemProxy */;
		};
		045C4A20201AC79D0010788C /* PBXTargetDependency */ = {
			isa = PBXTargetDependency;
			target = 045C49FA201AC79D0010788C /* MyCustomDemo */;
			targetProxy = 045C4A1F201AC79D0010788C /* PBXContainerItemProxy */;
		};
/* End PBXTargetDependency section */

/* Begin PBXVariantGroup section */
		045C4A04201AC79D0010788C /* Main.storyboard */ = {
			isa = PBXVariantGroup;
			children = (
				045C4A05201AC79D0010788C /* Base */,
			);
			name = Main.storyboard;
			sourceTree = "<group>";
		};
		045C4A09201AC79D0010788C /* LaunchScreen.storyboard */ = {
			isa = PBXVariantGroup;
			children = (
				045C4A0A201AC79D0010788C /* Base */,
			);
			name = LaunchScreen.storyboard;
			sourceTree = "<group>";
		};
/* End PBXVariantGroup section */

/* Begin XCBuildConfiguration section */
		045C4A25201AC79D0010788C /* Debug */ = {
			isa = XCBuildConfiguration;
			buildSettings = {
				ALWAYS_SEARCH_USER_PATHS = NO;
				CLANG_ANALYZER_NONNULL = YES;
				CLANG_ANALYZER_NUMBER_OBJECT_CONVERSION = YES_AGGRESSIVE;
				CLANG_CXX_LANGUAGE_STANDARD = "gnu++14";
				CLANG_CXX_LIBRARY = "libc++";
				CLANG_ENABLE_MODULES = YES;
				CLANG_ENABLE_OBJC_ARC = YES;
				CLANG_WARN_BLOCK_CAPTURE_AUTORELEASING = YES;
				CLANG_WARN_BOOL_CONVERSION = YES;
				CLANG_WARN_COMMA = YES;
				CLANG_WARN_CONSTANT_CONVERSION = YES;
				CLANG_WARN_DIRECT_OBJC_ISA_USAGE = YES_ERROR;
				CLANG_WARN_DOCUMENTATION_COMMENTS = YES;
				CLANG_WARN_EMPTY_BODY = YES;
				CLANG_WARN_ENUM_CONVERSION = YES;
				CLANG_WARN_INFINITE_RECURSION = YES;
				CLANG_WARN_INT_CONVERSION = YES;
				CLANG_WARN_NON_LITERAL_NULL_CONVERSION = YES;
				CLANG_WARN_OBJC_LITERAL_CONVERSION = YES;
				CLANG_WARN_OBJC_ROOT_CLASS = YES_ERROR;
				CLANG_WARN_RANGE_LOOP_ANALYSIS = YES;
				CLANG_WARN_STRICT_PROTOTYPES = YES;
				CLANG_WARN_SUSPICIOUS_MOVE = YES;
				CLANG_WARN_UNGUARDED_AVAILABILITY = YES_AGGRESSIVE;
				CLANG_WARN_UNREACHABLE_CODE = YES;
				CLANG_WARN__DUPLICATE_METHOD_MATCH = YES;
				CODE_SIGN_IDENTITY = "iPhone Developer";
				COPY_PHASE_STRIP = NO;
				DEBUG_INFORMATION_FORMAT = dwarf;
				ENABLE_STRICT_OBJC_MSGSEND = YES;
				ENABLE_TESTABILITY = YES;
				GCC_C_LANGUAGE_STANDARD = gnu11;
				GCC_DYNAMIC_NO_PIC = NO;
				GCC_NO_COMMON_BLOCKS = YES;
				GCC_OPTIMIZATION_LEVEL = 0;
				GCC_PREPROCESSOR_DEFINITIONS = (
					"DEBUG=1",
					"$(inherited)",
				);
				GCC_WARN_64_TO_32_BIT_CONVERSION = YES;
				GCC_WARN_ABOUT_RETURN_TYPE = YES_ERROR;
				GCC_WARN_UNDECLARED_SELECTOR = YES;
				GCC_WARN_UNINITIALIZED_AUTOS = YES_AGGRESSIVE;
				GCC_WARN_UNUSED_FUNCTION = YES;
				GCC_WARN_UNUSED_VARIABLE = YES;
				IPHONEOS_DEPLOYMENT_TARGET = 11.2;
				MTL_ENABLE_DEBUG_INFO = YES;
				ONLY_ACTIVE_ARCH = YES;
				SDKROOT = iphoneos;
			};
			name = Debug;
		};
		045C4A26201AC79D0010788C /* Release */ = {
			isa = XCBuildConfiguration;
			buildSettings = {
				ALWAYS_SEARCH_USER_PATHS = NO;
				CLANG_ANALYZER_NONNULL = YES;
				CLANG_ANALYZER_NUMBER_OBJECT_CONVERSION = YES_AGGRESSIVE;
				CLANG_CXX_LANGUAGE_STANDARD = "gnu++14";
				CLANG_CXX_LIBRARY = "libc++";
				CLANG_ENABLE_MODULES = YES;
				CLANG_ENABLE_OBJC_ARC = YES;
				CLANG_WARN_BLOCK_CAPTURE_AUTORELEASING = YES;
				CLANG_WARN_BOOL_CONVERSION = YES;
				CLANG_WARN_COMMA = YES;
				CLANG_WARN_CONSTANT_CONVERSION = YES;
				CLANG_WARN_DIRECT_OBJC_ISA_USAGE = YES_ERROR;
				CLANG_WARN_DOCUMENTATION_COMMENTS = YES;
				CLANG_WARN_EMPTY_BODY = YES;
				CLANG_WARN_ENUM_CONVERSION = YES;
				CLANG_WARN_INFINITE_RECURSION = YES;
				CLANG_WARN_INT_CONVERSION = YES;
				CLANG_WARN_NON_LITERAL_NULL_CONVERSION = YES;
				CLANG_WARN_OBJC_LITERAL_CONVERSION = YES;
				CLANG_WARN_OBJC_ROOT_CLASS = YES_ERROR;
				CLANG_WARN_RANGE_LOOP_ANALYSIS = YES;
				CLANG_WARN_STRICT_PROTOTYPES = YES;
				CLANG_WARN_SUSPICIOUS_MOVE = YES;
				CLANG_WARN_UNGUARDED_AVAILABILITY = YES_AGGRESSIVE;
				CLANG_WARN_UNREACHABLE_CODE = YES;
				CLANG_WARN__DUPLICATE_METHOD_MATCH = YES;
				CODE_SIGN_IDENTITY = "iPhone Developer";
				COPY_PHASE_STRIP = NO;
				DEBUG_INFORMATION_FORMAT = "dwarf-with-dsym";
				ENABLE_NS_ASSERTIONS = NO;
				ENABLE_STRICT_OBJC_MSGSEND = YES;
				GCC_C_LANGUAGE_STANDARD = gnu11;
				GCC_NO_COMMON_BLOCKS = YES;
				GCC_WARN_64_TO_32_BIT_CONVERSION = YES;
				GCC_WARN_ABOUT_RETURN_TYPE = YES_ERROR;
				GCC_WARN_UNDECLARED_SELECTOR = YES;
				GCC_WARN_UNINITIALIZED_AUTOS = YES_AGGRESSIVE;
				GCC_WARN_UNUSED_FUNCTION = YES;
				GCC_WARN_UNUSED_VARIABLE = YES;
				IPHONEOS_DEPLOYMENT_TARGET = 11.2;
				MTL_ENABLE_DEBUG_INFO = NO;
				SDKROOT = iphoneos;
				VALIDATE_PRODUCT = YES;
			};
			name = Release;
		};
		045C4A28201AC79D0010788C /* Debug */ = {
			isa = XCBuildConfiguration;
			buildSettings = {
				ASSETCATALOG_COMPILER_APPICON_NAME = AppIcon;
				CODE_SIGN_STYLE = Automatic;
				INFOPLIST_FILE = MyCustomDemo/Info.plist;
				LD_RUNPATH_SEARCH_PATHS = "$(inherited) @executable_path/Frameworks";
				PRODUCT_BUNDLE_IDENTIFIER = hey136.MyCustomDemo;
				PRODUCT_NAME = "$(TARGET_NAME)";
				TARGETED_DEVICE_FAMILY = "1,2";
			};
			name = Debug;
		};
		045C4A29201AC79D0010788C /* Release */ = {
			isa = XCBuildConfiguration;
			buildSettings = {
				ASSETCATALOG_COMPILER_APPICON_NAME = AppIcon;
				CODE_SIGN_STYLE = Automatic;
				INFOPLIST_FILE = MyCustomDemo/Info.plist;
				LD_RUNPATH_SEARCH_PATHS = "$(inherited) @executable_path/Frameworks";
				PRODUCT_BUNDLE_IDENTIFIER = hey136.MyCustomDemo;
				PRODUCT_NAME = "$(TARGET_NAME)";
				TARGETED_DEVICE_FAMILY = "1,2";
			};
			name = Release;
		};
		045C4A2B201AC79D0010788C /* Debug */ = {
			isa = XCBuildConfiguration;
			buildSettings = {
				BUNDLE_LOADER = "$(TEST_HOST)";
				CODE_SIGN_STYLE = Automatic;
				INFOPLIST_FILE = MyCustomDemoTests/Info.plist;
				LD_RUNPATH_SEARCH_PATHS = "$(inherited) @executable_path/Frameworks @loader_path/Frameworks";
				PRODUCT_BUNDLE_IDENTIFIER = hey136.MyCustomDemoTests;
				PRODUCT_NAME = "$(TARGET_NAME)";
				TARGETED_DEVICE_FAMILY = "1,2";
				TEST_HOST = "$(BUILT_PRODUCTS_DIR)/MyCustomDemo.app/MyCustomDemo";
			};
			name = Debug;
		};
		045C4A2C201AC79D0010788C /* Release */ = {
			isa = XCBuildConfiguration;
			buildSettings = {
				BUNDLE_LOADER = "$(TEST_HOST)";
				CODE_SIGN_STYLE = Automatic;
				INFOPLIST_FILE = MyCustomDemoTests/Info.plist;
				LD_RUNPATH_SEARCH_PATHS = "$(inherited) @executable_path/Frameworks @loader_path/Frameworks";
				PRODUCT_BUNDLE_IDENTIFIER = hey136.MyCustomDemoTests;
				PRODUCT_NAME = "$(TARGET_NAME)";
				TARGETED_DEVICE_FAMILY = "1,2";
				TEST_HOST = "$(BUILT_PRODUCTS_DIR)/MyCustomDemo.app/MyCustomDemo";
			};
			name = Release;
		};
		045C4A2E201AC79D0010788C /* Debug */ = {
			isa = XCBuildConfiguration;
			buildSettings = {
				CODE_SIGN_STYLE = Automatic;
				INFOPLIST_FILE = MyCustomDemoUITests/Info.plist;
				LD_RUNPATH_SEARCH_PATHS = "$(inherited) @executable_path/Frameworks @loader_path/Frameworks";
				PRODUCT_BUNDLE_IDENTIFIER = hey136.MyCustomDemoUITests;
				PRODUCT_NAME = "$(TARGET_NAME)";
				TARGETED_DEVICE_FAMILY = "1,2";
				TEST_TARGET_NAME = MyCustomDemo;
			};
			name = Debug;
		};
		045C4A2F201AC79D0010788C /* Release */ = {
			isa = XCBuildConfiguration;
			buildSettings = {
				CODE_SIGN_STYLE = Automatic;
				INFOPLIST_FILE = MyCustomDemoUITests/Info.plist;
				LD_RUNPATH_SEARCH_PATHS = "$(inherited) @executable_path/Frameworks @loader_path/Frameworks";
				PRODUCT_BUNDLE_IDENTIFIER = hey136.MyCustomDemoUITests;
				PRODUCT_NAME = "$(TARGET_NAME)";
				TARGETED_DEVICE_FAMILY = "1,2";
				TEST_TARGET_NAME = MyCustomDemo;
			};
			name = Release;
		};
/* End XCBuildConfiguration section */

/* Begin XCConfigurationList section */
		045C49F6201AC79C0010788C /* Build configuration list for PBXProject "MyCustomDemo" */ = {
			isa = XCConfigurationList;
			buildConfigurations = (
				045C4A25201AC79D0010788C /* Debug */,
				045C4A26201AC79D0010788C /* Release */,
			);
			defaultConfigurationIsVisible = 0;
			defaultConfigurationName = Release;
		};
		045C4A27201AC79D0010788C /* Build configuration list for PBXNativeTarget "MyCustomDemo" */ = {
			isa = XCConfigurationList;
			buildConfigurations = (
				045C4A28201AC79D0010788C /* Debug */,
				045C4A29201AC79D0010788C /* Release */,
			);
			defaultConfigurationIsVisible = 0;
			defaultConfigurationName = Release;
		};
		045C4A2A201AC79D0010788C /* Build configuration list for PBXNativeTarget "MyCustomDemoTests" */ = {
			isa = XCConfigurationList;
			buildConfigurations = (
				045C4A2B201AC79D0010788C /* Debug */,
				045C4A2C201AC79D0010788C /* Release */,
			);
			defaultConfigurationIsVisible = 0;
			defaultConfigurationName = Release;
		};
		045C4A2D201AC79D0010788C /* Build configuration list for PBXNativeTarget "MyCustomDemoUITests" */ = {
			isa = XCConfigurationList;
			buildConfigurations = (
				045C4A2E201AC79D0010788C /* Debug */,
				045C4A2F201AC79D0010788C /* Release */,
			);
			defaultConfigurationIsVisible = 0;
			defaultConfigurationName = Release;
		};
/* End XCConfigurationList section */
	};
	rootObject = 045C49F3201AC79C0010788C /* Project object */;
}
